// !$*UTF8*$!
{
	archiveVersion = 1;
	classes = {
	};
	objectVersion = 46;
	objects = {

/* Begin PBXBuildFile section */
		3636E7561B67932500DCECEF /* AppDelegate.m in Sources */ = {isa = PBXBuildFile; fileRef = 3636E7551B67932500DCECEF /* AppDelegate.m */; };
		3636E7581B67932500DCECEF /* main.m in Sources */ = {isa = PBXBuildFile; fileRef = 3636E7571B67932500DCECEF /* main.m */; };
		3636E75A1B67932500DCECEF /* Images.xcassets in Resources */ = {isa = PBXBuildFile; fileRef = 3636E7591B67932500DCECEF /* Images.xcassets */; };
		3636E75D1B67932500DCECEF /* MainMenu.xib in Resources */ = {isa = PBXBuildFile; fileRef = 3636E75B1B67932500DCECEF /* MainMenu.xib */; };
		3636E7691B67932500DCECEF /* ch7Tests.m in Sources */ = {isa = PBXBuildFile; fileRef = 3636E7681B67932500DCECEF /* ch7Tests.m */; };
/* End PBXBuildFile section */

/* Begin PBXContainerItemProxy section */
		3636E7631B67932500DCECEF /* PBXContainerItemProxy */ = {
			isa = PBXContainerItemProxy;
			containerPortal = 3636E7471B67932500DCECEF /* Project object */;
			proxyType = 1;
			remoteGlobalIDString = 3636E74E1B67932500DCECEF;
			remoteInfo = ch7;
		};
/* End PBXContainerItemProxy section */

/* Begin PBXFileReference section */
		3636E74F1B67932500DCECEF /* ch7.app */ = {isa = PBXFileReference; explicitFileType = wrapper.application; includeInIndex = 0; path = ch7.app; sourceTree = BUILT_PRODUCTS_DIR; };
		3636E7531B67932500DCECEF /* Info.plist */ = {isa = PBXFileReference; lastKnownFileType = text.plist.xml; path = Info.plist; sourceTree = "<group>"; };
		3636E7541B67932500DCECEF /* AppDelegate.h */ = {isa = PBXFileReference; lastKnownFileType = sourcecode.c.h; path = AppDelegate.h; sourceTree = "<group>"; };
		3636E7551B67932500DCECEF /* AppDelegate.m */ = {isa = PBXFileReference; lastKnownFileType = sourcecode.c.objc; path = AppDelegate.m; sourceTree = "<group>"; };
		3636E7571B67932500DCECEF /* main.m */ = {isa = PBXFileReference; lastKnownFileType = sourcecode.c.objc; path = main.m; sourceTree = "<group>"; };
		3636E7591B67932500DCECEF /* Images.xcassets */ = {isa = PBXFileReference; lastKnownFileType = folder.assetcatalog; path = Images.xcassets; sourceTree = "<group>"; };
		3636E75C1B67932500DCECEF /* Base */ = {isa = PBXFileReference; lastKnownFileType = file.xib; name = Base; path = Base.lproj/MainMenu.xib; sourceTree = "<group>"; };
		3636E7621B67932500DCECEF /* ch7Tests.xctest */ = {isa = PBXFileReference; explicitFileType = wrapper.cfbundle; includeInIndex = 0; path = ch7Tests.xctest; sourceTree = BUILT_PRODUCTS_DIR; };
		3636E7671B67932500DCECEF /* Info.plist */ = {isa = PBXFileReference; lastKnownFileType = text.plist.xml; path = Info.plist; sourceTree = "<group>"; };
		3636E7681B67932500DCECEF /* ch7Tests.m */ = {isa = PBXFileReference; lastKnownFileType = sourcecode.c.objc; path = ch7Tests.m; sourceTree = "<group>"; };
/* End PBXFileReference section */

/* Begin PBXFrameworksBuildPhase section */
		3636E74C1B67932500DCECEF /* Frameworks */ = {
			isa = PBXFrameworksBuildPhase;
			buildActionMask = 2147483647;
			files = (
			);
			runOnlyForDeploymentPostprocessing = 0;
		};
		3636E75F1B67932500DCECEF /* Frameworks */ = {
			isa = PBXFrameworksBuildPhase;
			buildActionMask = 2147483647;
			files = (
			);
			runOnlyForDeploymentPostprocessing = 0;
		};
/* End PBXFrameworksBuildPhase section */

/* Begin PBXGroup section */
		3636E7461B67932500DCECEF = {
			isa = PBXGroup;
			children = (
				3636E7511B67932500DCECEF /* ch7 */,
				3636E7651B67932500DCECEF /* ch7Tests */,
				3636E7501B67932500DCECEF /* Products */,
			);
			sourceTree = "<group>";
		};
		3636E7501B67932500DCECEF /* Products */ = {
			isa = PBXGroup;
			children = (
				3636E74F1B67932500DCECEF /* ch7.app */,
				3636E7621B67932500DCECEF /* ch7Tests.xctest */,
			);
			name = Products;
			sourceTree = "<group>";
		};
		3636E7511B67932500DCECEF /* ch7 */ = {
			isa = PBXGroup;
			children = (
				3636E7541B67932500DCECEF /* AppDelegate.h */,
				3636E7551B67932500DCECEF /* AppDelegate.m */,
				3636E7591B67932500DCECEF /* Images.xcassets */,
				3636E75B1B67932500DCECEF /* MainMenu.xib */,
				3636E7521B67932500DCECEF /* Supporting Files */,
			);
			path = ch7;
			sourceTree = "<group>";
		};
		3636E7521B67932500DCECEF /* Supporting Files */ = {
			isa = PBXGroup;
			children = (
				3636E7531B67932500DCECEF /* Info.plist */,
				3636E7571B67932500DCECEF /* main.m */,
			);
			name = "Supporting Files";
			sourceTree = "<group>";
		};
		3636E7651B67932500DCECEF /* ch7Tests */ = {
			isa = PBXGroup;
			children = (
				3636E7681B67932500DCECEF /* ch7Tests.m */,
				3636E7661B67932500DCECEF /* Supporting Files */,
			);
			path = ch7Tests;
			sourceTree = "<group>";
		};
		3636E7661B67932500DCECEF /* Supporting Files */ = {
			isa = PBXGroup;
			children = (
				3636E7671B67932500DCECEF /* Info.plist */,
			);
			name = "Supporting Files";
			sourceTree = "<group>";
		};
/* End PBXGroup section */

/* Begin PBXNativeTarget section */
		3636E74E1B67932500DCECEF /* ch7 */ = {
			isa = PBXNativeTarget;
			buildConfigurationList = 3636E76C1B67932500DCECEF /* Build configuration list for PBXNativeTarget "ch7" */;
			buildPhases = (
				3636E74B1B67932500DCECEF /* Sources */,
				3636E74C1B67932500DCECEF /* Frameworks */,
				3636E74D1B67932500DCECEF /* Resources */,
			);
			buildRules = (
			);
			dependencies = (
			);
			name = ch7;
			productName = ch7;
			productReference = 3636E74F1B67932500DCECEF /* ch7.app */;
			productType = "com.apple.product-type.application";
		};
		3636E7611B67932500DCECEF /* ch7Tests */ = {
			isa = PBXNativeTarget;
			buildConfigurationList = 3636E76F1B67932500DCECEF /* Build configuration list for PBXNativeTarget "ch7Tests" */;
			buildPhases = (
				3636E75E1B67932500DCECEF /* Sources */,
				3636E75F1B67932500DCECEF /* Frameworks */,
				3636E7601B67932500DCECEF /* Resources */,
			);
			buildRules = (
			);
			dependencies = (
				3636E7641B67932500DCECEF /* PBXTargetDependency */,
			);
			name = ch7Tests;
			productName = ch7Tests;
			productReference = 3636E7621B67932500DCECEF /* ch7Tests.xctest */;
			productType = "com.apple.product-type.bundle.unit-test";
		};
/* End PBXNativeTarget section */

/* Begin PBXProject section */
		3636E7471B67932500DCECEF /* Project object */ = {
			isa = PBXProject;
			attributes = {
				LastUpgradeCheck = 0640;
				ORGANIZATIONNAME = "Timothy Shull";
				TargetAttributes = {
					3636E74E1B67932500DCECEF = {
						CreatedOnToolsVersion = 6.4;
					};
					3636E7611B67932500DCECEF = {
						CreatedOnToolsVersion = 6.4;
						TestTargetID = 3636E74E1B67932500DCECEF;
					};
				};
			};
			buildConfigurationList = 3636E74A1B67932500DCECEF /* Build configuration list for PBXProject "ch7" */;
			compatibilityVersion = "Xcode 3.2";
			developmentRegion = English;
			hasScannedForEncodings = 0;
			knownRegions = (
				en,
				Base,
			);
			mainGroup = 3636E7461B67932500DCECEF;
			productRefGroup = 3636E7501B67932500DCECEF /* Products */;
			projectDirPath = "";
			projectRoot = "";
			targets = (
				3636E74E1B67932500DCECEF /* ch7 */,
				3636E7611B67932500DCECEF /* ch7Tests */,
			);
		};
/* End PBXProject section */

/* Begin PBXResourcesBuildPhase section */
		3636E74D1B67932500DCECEF /* Resources */ = {
			isa = PBXResourcesBuildPhase;
			buildActionMask = 2147483647;
			files = (
				3636E75A1B67932500DCECEF /* Images.xcassets in Resources */,
				3636E75D1B67932500DCECEF /* MainMenu.xib in Resources */,
			);
			runOnlyForDeploymentPostprocessing = 0;
		};
		3636E7601B67932500DCECEF /* Resources */ = {
			isa = PBXResourcesBuildPhase;
			buildActionMask = 2147483647;
			files = (
			);
			runOnlyForDeploymentPostprocessing = 0;
		};
/* End PBXResourcesBuildPhase section */

/* Begin PBXSourcesBuildPhase section */
		3636E74B1B67932500DCECEF /* Sources */ = {
			isa = PBXSourcesBuildPhase;
			buildActionMask = 2147483647;
			files = (
				3636E7581B67932500DCECEF /* main.m in Sources */,
				3636E7561B67932500DCECEF /* AppDelegate.m in Sources */,
			);
			runOnlyForDeploymentPostprocessing = 0;
		};
		3636E75E1B67932500DCECEF /* Sources */ = {
			isa = PBXSourcesBuildPhase;
			buildActionMask = 2147483647;
			files = (
				3636E7691B67932500DCECEF /* ch7Tests.m in Sources */,
			);
			runOnlyForDeploymentPostprocessing = 0;
		};
/* End PBXSourcesBuildPhase section */

/* Begin PBXTargetDependency section */
		3636E7641B67932500DCECEF /* PBXTargetDependency */ = {
			isa = PBXTargetDependency;
			target = 3636E74E1B67932500DCECEF /* ch7 */;
			targetProxy = 3636E7631B67932500DCECEF /* PBXContainerItemProxy */;
		};
/* End PBXTargetDependency section */

/* Begin PBXVariantGroup section */
		3636E75B1B67932500DCECEF /* MainMenu.xib */ = {
			isa = PBXVariantGroup;
			children = (
				3636E75C1B67932500DCECEF /* Base */,
			);
			name = MainMenu.xib;
			sourceTree = "<group>";
		};
/* End PBXVariantGroup section */

/* Begin XCBuildConfiguration section */
		3636E76A1B67932500DCECEF /* Debug */ = {
			isa = XCBuildConfiguration;
			buildSettings = {
				ALWAYS_SEARCH_USER_PATHS = NO;
				CLANG_CXX_LANGUAGE_STANDARD = "gnu++0x";
				CLANG_CXX_LIBRARY = "libc++";
				CLANG_ENABLE_MODULES = YES;
				CLANG_ENABLE_OBJC_ARC = YES;
				CLANG_WARN_BOOL_CONVERSION = YES;
				CLANG_WARN_CONSTANT_CONVERSION = YES;
				CLANG_WARN_DIRECT_OBJC_ISA_USAGE = YES_ERROR;
				CLANG_WARN_EMPTY_BODY = YES;
				CLANG_WARN_ENUM_CONVERSION = YES;
				CLANG_WARN_INT_CONVERSION = YES;
				CLANG_WARN_OBJC_ROOT_CLASS = YES_ERROR;
				CLANG_WARN_UNREACHABLE_CODE = YES;
				CLANG_WARN__DUPLICATE_METHOD_MATCH = YES;
				CODE_SIGN_IDENTITY = "-";
				COPY_PHASE_STRIP = NO;
				DEBUG_INFORMATION_FORMAT = dwarf;
				ENABLE_STRICT_OBJC_MSGSEND = YES;
				GCC_C_LANGUAGE_STANDARD = gnu99;
				GCC_DYNAMIC_NO_PIC = NO;
				GCC_NO_COMMON_BLOCKS = YES;
				GCC_OPTIMIZATION_LEVEL = 0;
				GCC_PREPROCESSOR_DEFINITIONS = (
					"DEBUG=1",
					"$(inherited)",
				);
				GCC_SYMBOLS_PRIVATE_EXTERN = NO;
				GCC_WARN_64_TO_32_BIT_CONVERSION = YES;
				GCC_WARN_ABOUT_RETURN_TYPE = YES_ERROR;
				GCC_WARN_UNDECLARED_SELECTOR = YES;
				GCC_WARN_UNINITIALIZED_AUTOS = YES_AGGRESSIVE;
				GCC_WARN_UNUSED_FUNCTION = YES;
				GCC_WARN_UNUSED_VARIABLE = YES;
				MACOSX_DEPLOYMENT_TARGET = 10.10;
				MTL_ENABLE_DEBUG_INFO = YES;
				ONLY_ACTIVE_ARCH = YES;
				SDKROOT = macosx;
			};
			name = Debug;
		};
		3636E76B1B67932500DCECEF /* Release */ = {
			isa = XCBuildConfiguration;
			buildSettings = {
				ALWAYS_SEARCH_USER_PATHS = NO;
				CLANG_CXX_LANGUAGE_STANDARD = "gnu++0x";
				CLANG_CXX_LIBRARY = "libc++";
				CLANG_ENABLE_MODULES = YES;
				CLANG_ENABLE_OBJC_ARC = YES;
				CLANG_WARN_BOOL_CONVERSION = YES;
				CLANG_WARN_CONSTANT_CONVERSION = YES;
				CLANG_WARN_DIRECT_OBJC_ISA_USAGE = YES_ERROR;
				CLANG_WARN_EMPTY_BODY = YES;
				CLANG_WARN_ENUM_CONVERSION = YES;
				CLANG_WARN_INT_CONVERSION = YES;
				CLANG_WARN_OBJC_ROOT_CLASS = YES_ERROR;
				CLANG_WARN_UNREACHABLE_CODE = YES;
				CLANG_WARN__DUPLICATE_METHOD_MATCH = YES;
				CODE_SIGN_IDENTITY = "-";
				COPY_PHASE_STRIP = NO;
				DEBUG_INFORMATION_FORMAT = "dwarf-with-dsym";
				ENABLE_NS_ASSERTIONS = NO;
				ENABLE_STRICT_OBJC_MSGSEND = YES;
				GCC_C_LANGUAGE_STANDARD = gnu99;
				GCC_NO_COMMON_BLOCKS = YES;
				GCC_WARN_64_TO_32_BIT_CONVERSION = YES;
				GCC_WARN_ABOUT_RETURN_TYPE = YES_ERROR;
				GCC_WARN_UNDECLARED_SELECTOR = YES;
				GCC_WARN_UNINITIALIZED_AUTOS = YES_AGGRESSIVE;
				GCC_WARN_UNUSED_FUNCTION = YES;
				GCC_WARN_UNUSED_VARIABLE = YES;
				MACOSX_DEPLOYMENT_TARGET = 10.10;
				MTL_ENABLE_DEBUG_INFO = NO;
				SDKROOT = macosx;
			};
			name = Release;
		};
		3636E76D1B67932500DCECEF /* Debug */ = {
			isa = XCBuildConfiguration;
			buildSettings = {
				ASSETCATALOG_COMPILER_APPICON_NAME = AppIcon;
				COMBINE_HIDPI_IMAGES = YES;
				INFOPLIST_FILE = ch7/Info.plist;
				LD_RUNPATH_SEARCH_PATHS = "$(inherited) @executable_path/../Frameworks";
				PRODUCT_NAME = "$(TARGET_NAME)";
			};
			name = Debug;
		};
		3636E76E1B67932500DCECEF /* Release */ = {
			isa = XCBuildConfiguration;
			buildSettings = {
				ASSETCATALOG_COMPILER_APPICON_NAME = AppIcon;
				COMBINE_HIDPI_IMAGES = YES;
				INFOPLIST_FILE = ch7/Info.plist;
				LD_RUNPATH_SEARCH_PATHS = "$(inherited) @executable_path/../Frameworks";
				PRODUCT_NAME = "$(TARGET_NAME)";
			};
			name = Release;
		};
		3636E7701B67932500DCECEF /* Debug */ = {
			isa = XCBuildConfiguration;
			buildSettings = {
				BUNDLE_LOADER = "$(TEST_HOST)";
				COMBINE_HIDPI_IMAGES = YES;
				FRAMEWORK_SEARCH_PATHS = (
					"$(DEVELOPER_FRAMEWORKS_DIR)",
					"$(inherited)",
				);
				GCC_PREPROCESSOR_DEFINITIONS = (
					"DEBUG=1",
					"$(inherited)",
				);
				INFOPLIST_FILE = ch7Tests/Info.plist;
				LD_RUNPATH_SEARCH_PATHS = "$(inherited) @executable_path/../Frameworks @loader_path/../Frameworks";
				PRODUCT_NAME = "$(TARGET_NAME)";
				TEST_HOST = "$(BUILT_PRODUCTS_DIR)/ch7.app/Contents/MacOS/ch7";
			};
			name = Debug;
		};
		3636E7711B67932500DCECEF /* Release */ = {
			isa = XCBuildConfiguration;
			buildSettings = {
				BUNDLE_LOADER = "$(TEST_HOST)";
				COMBINE_HIDPI_IMAGES = YES;
				FRAMEWORK_SEARCH_PATHS = (
					"$(DEVELOPER_FRAMEWORKS_DIR)",
					"$(inherited)",
				);
				INFOPLIST_FILE = ch7Tests/Info.plist;
				LD_RUNPATH_SEARCH_PATHS = "$(inherited) @executable_path/../Frameworks @loader_path/../Frameworks";
				PRODUCT_NAME = "$(TARGET_NAME)";
				TEST_HOST = "$(BUILT_PRODUCTS_DIR)/ch7.app/Contents/MacOS/ch7";
			};
			name = Release;
		};
/* End XCBuildConfiguration section */

/* Begin XCConfigurationList section */
		3636E74A1B67932500DCECEF /* Build configuration list for PBXProject "ch7" */ = {
			isa = XCConfigurationList;
			buildConfigurations = (
				3636E76A1B67932500DCECEF /* Debug */,
				3636E76B1B67932500DCECEF /* Release */,
			);
			defaultConfigurationIsVisible = 0;
			defaultConfigurationName = Release;
		};
		3636E76C1B67932500DCECEF /* Build configuration list for PBXNativeTarget "ch7" */ = {
			isa = XCConfigurationList;
			buildConfigurations = (
				3636E76D1B67932500DCECEF /* Debug */,
				3636E76E1B67932500DCECEF /* Release */,
			);
			defaultConfigurationIsVisible = 0;
		};
		3636E76F1B67932500DCECEF /* Build configuration list for PBXNativeTarget "ch7Tests" */ = {
			isa = XCConfigurationList;
			buildConfigurations = (
				3636E7701B67932500DCECEF /* Debug */,
				3636E7711B67932500DCECEF /* Release */,
			);
			defaultConfigurationIsVisible = 0;
		};
/* End XCConfigurationList section */
	};
	rootObject = 3636E7471B67932500DCECEF /* Project object */;
}
