// !$*UTF8*$!
{
	archiveVersion = 1;
	classes = {
	};
	objectVersion = 46;
	objects = {

/* Begin PBXBuildFile section */
		36F4C1171B60B6410023D6F6 /* AppDelegate.m in Sources */ = {isa = PBXBuildFile; fileRef = 36F4C1161B60B6410023D6F6 /* AppDelegate.m */; };
		36F4C1191B60B6410023D6F6 /* main.m in Sources */ = {isa = PBXBuildFile; fileRef = 36F4C1181B60B6410023D6F6 /* main.m */; };
		36F4C11C1B60B6410023D6F6 /* Document.m in Sources */ = {isa = PBXBuildFile; fileRef = 36F4C11B1B60B6410023D6F6 /* Document.m */; };
		36F4C11F1B60B6410023D6F6 /* Document.xib in Resources */ = {isa = PBXBuildFile; fileRef = 36F4C11D1B60B6410023D6F6 /* Document.xib */; };
		36F4C1211B60B6410023D6F6 /* Images.xcassets in Resources */ = {isa = PBXBuildFile; fileRef = 36F4C1201B60B6410023D6F6 /* Images.xcassets */; };
		36F4C1241B60B6410023D6F6 /* MainMenu.xib in Resources */ = {isa = PBXBuildFile; fileRef = 36F4C1221B60B6410023D6F6 /* MainMenu.xib */; };
		36F4C1301B60B6410023D6F6 /* RaiseManTests.m in Sources */ = {isa = PBXBuildFile; fileRef = 36F4C12F1B60B6410023D6F6 /* RaiseManTests.m */; };
		36F4C13B1B60B6FD0023D6F6 /* Person.m in Sources */ = {isa = PBXBuildFile; fileRef = 36F4C13A1B60B6FD0023D6F6 /* Person.m */; };
/* End PBXBuildFile section */

/* Begin PBXContainerItemProxy section */
		36F4C12A1B60B6410023D6F6 /* PBXContainerItemProxy */ = {
			isa = PBXContainerItemProxy;
			containerPortal = 36F4C1081B60B6410023D6F6 /* Project object */;
			proxyType = 1;
			remoteGlobalIDString = 36F4C10F1B60B6410023D6F6;
			remoteInfo = RaiseMan;
		};
/* End PBXContainerItemProxy section */

/* Begin PBXFileReference section */
		36F4C1101B60B6410023D6F6 /* RaiseMan.app */ = {isa = PBXFileReference; explicitFileType = wrapper.application; includeInIndex = 0; path = RaiseMan.app; sourceTree = BUILT_PRODUCTS_DIR; };
		36F4C1141B60B6410023D6F6 /* Info.plist */ = {isa = PBXFileReference; lastKnownFileType = text.plist.xml; path = Info.plist; sourceTree = "<group>"; };
		36F4C1151B60B6410023D6F6 /* AppDelegate.h */ = {isa = PBXFileReference; lastKnownFileType = sourcecode.c.h; path = AppDelegate.h; sourceTree = "<group>"; };
		36F4C1161B60B6410023D6F6 /* AppDelegate.m */ = {isa = PBXFileReference; lastKnownFileType = sourcecode.c.objc; path = AppDelegate.m; sourceTree = "<group>"; };
		36F4C1181B60B6410023D6F6 /* main.m */ = {isa = PBXFileReference; lastKnownFileType = sourcecode.c.objc; path = main.m; sourceTree = "<group>"; };
		36F4C11A1B60B6410023D6F6 /* Document.h */ = {isa = PBXFileReference; lastKnownFileType = sourcecode.c.h; path = Document.h; sourceTree = "<group>"; };
		36F4C11B1B60B6410023D6F6 /* Document.m */ = {isa = PBXFileReference; lastKnownFileType = sourcecode.c.objc; path = Document.m; sourceTree = "<group>"; };
		36F4C11E1B60B6410023D6F6 /* Base */ = {isa = PBXFileReference; lastKnownFileType = file.xib; name = Base; path = Base.lproj/Document.xib; sourceTree = "<group>"; };
		36F4C1201B60B6410023D6F6 /* Images.xcassets */ = {isa = PBXFileReference; lastKnownFileType = folder.assetcatalog; path = Images.xcassets; sourceTree = "<group>"; };
		36F4C1231B60B6410023D6F6 /* Base */ = {isa = PBXFileReference; lastKnownFileType = file.xib; name = Base; path = Base.lproj/MainMenu.xib; sourceTree = "<group>"; };
		36F4C1291B60B6410023D6F6 /* RaiseManTests.xctest */ = {isa = PBXFileReference; explicitFileType = wrapper.cfbundle; includeInIndex = 0; path = RaiseManTests.xctest; sourceTree = BUILT_PRODUCTS_DIR; };
		36F4C12E1B60B6410023D6F6 /* Info.plist */ = {isa = PBXFileReference; lastKnownFileType = text.plist.xml; path = Info.plist; sourceTree = "<group>"; };
		36F4C12F1B60B6410023D6F6 /* RaiseManTests.m */ = {isa = PBXFileReference; lastKnownFileType = sourcecode.c.objc; path = RaiseManTests.m; sourceTree = "<group>"; };
		36F4C1391B60B6FD0023D6F6 /* Person.h */ = {isa = PBXFileReference; fileEncoding = 4; lastKnownFileType = sourcecode.c.h; path = Person.h; sourceTree = "<group>"; };
		36F4C13A1B60B6FD0023D6F6 /* Person.m */ = {isa = PBXFileReference; fileEncoding = 4; lastKnownFileType = sourcecode.c.objc; path = Person.m; sourceTree = "<group>"; };
/* End PBXFileReference section */

/* Begin PBXFrameworksBuildPhase section */
		36F4C10D1B60B6410023D6F6 /* Frameworks */ = {
			isa = PBXFrameworksBuildPhase;
			buildActionMask = 2147483647;
			files = (
			);
			runOnlyForDeploymentPostprocessing = 0;
		};
		36F4C1261B60B6410023D6F6 /* Frameworks */ = {
			isa = PBXFrameworksBuildPhase;
			buildActionMask = 2147483647;
			files = (
			);
			runOnlyForDeploymentPostprocessing = 0;
		};
/* End PBXFrameworksBuildPhase section */

/* Begin PBXGroup section */
		36F4C1071B60B6410023D6F6 = {
			isa = PBXGroup;
			children = (
				36F4C1121B60B6410023D6F6 /* RaiseMan */,
				36F4C12C1B60B6410023D6F6 /* RaiseManTests */,
				36F4C1111B60B6410023D6F6 /* Products */,
			);
			sourceTree = "<group>";
		};
		36F4C1111B60B6410023D6F6 /* Products */ = {
			isa = PBXGroup;
			children = (
				36F4C1101B60B6410023D6F6 /* RaiseMan.app */,
				36F4C1291B60B6410023D6F6 /* RaiseManTests.xctest */,
			);
			name = Products;
			sourceTree = "<group>";
		};
		36F4C1121B60B6410023D6F6 /* RaiseMan */ = {
			isa = PBXGroup;
			children = (
				36F4C1391B60B6FD0023D6F6 /* Person.h */,
				36F4C13A1B60B6FD0023D6F6 /* Person.m */,
				36F4C1151B60B6410023D6F6 /* AppDelegate.h */,
				36F4C1161B60B6410023D6F6 /* AppDelegate.m */,
				36F4C11A1B60B6410023D6F6 /* Document.h */,
				36F4C11B1B60B6410023D6F6 /* Document.m */,
				36F4C11D1B60B6410023D6F6 /* Document.xib */,
				36F4C1201B60B6410023D6F6 /* Images.xcassets */,
				36F4C1221B60B6410023D6F6 /* MainMenu.xib */,
				36F4C1131B60B6410023D6F6 /* Supporting Files */,
			);
			path = RaiseMan;
			sourceTree = "<group>";
		};
		36F4C1131B60B6410023D6F6 /* Supporting Files */ = {
			isa = PBXGroup;
			children = (
				36F4C1141B60B6410023D6F6 /* Info.plist */,
				36F4C1181B60B6410023D6F6 /* main.m */,
			);
			name = "Supporting Files";
			sourceTree = "<group>";
		};
		36F4C12C1B60B6410023D6F6 /* RaiseManTests */ = {
			isa = PBXGroup;
			children = (
				36F4C12F1B60B6410023D6F6 /* RaiseManTests.m */,
				36F4C12D1B60B6410023D6F6 /* Supporting Files */,
			);
			path = RaiseManTests;
			sourceTree = "<group>";
		};
		36F4C12D1B60B6410023D6F6 /* Supporting Files */ = {
			isa = PBXGroup;
			children = (
				36F4C12E1B60B6410023D6F6 /* Info.plist */,
			);
			name = "Supporting Files";
			sourceTree = "<group>";
		};
/* End PBXGroup section */

/* Begin PBXNativeTarget section */
		36F4C10F1B60B6410023D6F6 /* RaiseMan */ = {
			isa = PBXNativeTarget;
			buildConfigurationList = 36F4C1331B60B6410023D6F6 /* Build configuration list for PBXNativeTarget "RaiseMan" */;
			buildPhases = (
				36F4C10C1B60B6410023D6F6 /* Sources */,
				36F4C10D1B60B6410023D6F6 /* Frameworks */,
				36F4C10E1B60B6410023D6F6 /* Resources */,
			);
			buildRules = (
			);
			dependencies = (
			);
			name = RaiseMan;
			productName = RaiseMan;
			productReference = 36F4C1101B60B6410023D6F6 /* RaiseMan.app */;
			productType = "com.apple.product-type.application";
		};
		36F4C1281B60B6410023D6F6 /* RaiseManTests */ = {
			isa = PBXNativeTarget;
			buildConfigurationList = 36F4C1361B60B6410023D6F6 /* Build configuration list for PBXNativeTarget "RaiseManTests" */;
			buildPhases = (
				36F4C1251B60B6410023D6F6 /* Sources */,
				36F4C1261B60B6410023D6F6 /* Frameworks */,
				36F4C1271B60B6410023D6F6 /* Resources */,
			);
			buildRules = (
			);
			dependencies = (
				36F4C12B1B60B6410023D6F6 /* PBXTargetDependency */,
			);
			name = RaiseManTests;
			productName = RaiseManTests;
			productReference = 36F4C1291B60B6410023D6F6 /* RaiseManTests.xctest */;
			productType = "com.apple.product-type.bundle.unit-test";
		};
/* End PBXNativeTarget section */

/* Begin PBXProject section */
		36F4C1081B60B6410023D6F6 /* Project object */ = {
			isa = PBXProject;
			attributes = {
				LastUpgradeCheck = 0640;
				ORGANIZATIONNAME = "Timothy Shull";
				TargetAttributes = {
					36F4C10F1B60B6410023D6F6 = {
						CreatedOnToolsVersion = 6.4;
					};
					36F4C1281B60B6410023D6F6 = {
						CreatedOnToolsVersion = 6.4;
						TestTargetID = 36F4C10F1B60B6410023D6F6;
					};
				};
			};
			buildConfigurationList = 36F4C10B1B60B6410023D6F6 /* Build configuration list for PBXProject "RaiseMan" */;
			compatibilityVersion = "Xcode 3.2";
			developmentRegion = English;
			hasScannedForEncodings = 0;
			knownRegions = (
				en,
				Base,
			);
			mainGroup = 36F4C1071B60B6410023D6F6;
			productRefGroup = 36F4C1111B60B6410023D6F6 /* Products */;
			projectDirPath = "";
			projectRoot = "";
			targets = (
				36F4C10F1B60B6410023D6F6 /* RaiseMan */,
				36F4C1281B60B6410023D6F6 /* RaiseManTests */,
			);
		};
/* End PBXProject section */

/* Begin PBXResourcesBuildPhase section */
		36F4C10E1B60B6410023D6F6 /* Resources */ = {
			isa = PBXResourcesBuildPhase;
			buildActionMask = 2147483647;
			files = (
				36F4C11F1B60B6410023D6F6 /* Document.xib in Resources */,
				36F4C1211B60B6410023D6F6 /* Images.xcassets in Resources */,
				36F4C1241B60B6410023D6F6 /* MainMenu.xib in Resources */,
			);
			runOnlyForDeploymentPostprocessing = 0;
		};
		36F4C1271B60B6410023D6F6 /* Resources */ = {
			isa = PBXResourcesBuildPhase;
			buildActionMask = 2147483647;
			files = (
			);
			runOnlyForDeploymentPostprocessing = 0;
		};
/* End PBXResourcesBuildPhase section */

/* Begin PBXSourcesBuildPhase section */
		36F4C10C1B60B6410023D6F6 /* Sources */ = {
			isa = PBXSourcesBuildPhase;
			buildActionMask = 2147483647;
			files = (
				36F4C11C1B60B6410023D6F6 /* Document.m in Sources */,
				36F4C1191B60B6410023D6F6 /* main.m in Sources */,
				36F4C13B1B60B6FD0023D6F6 /* Person.m in Sources */,
				36F4C1171B60B6410023D6F6 /* AppDelegate.m in Sources */,
			);
			runOnlyForDeploymentPostprocessing = 0;
		};
		36F4C1251B60B6410023D6F6 /* Sources */ = {
			isa = PBXSourcesBuildPhase;
			buildActionMask = 2147483647;
			files = (
				36F4C1301B60B6410023D6F6 /* RaiseManTests.m in Sources */,
			);
			runOnlyForDeploymentPostprocessing = 0;
		};
/* End PBXSourcesBuildPhase section */

/* Begin PBXTargetDependency section */
		36F4C12B1B60B6410023D6F6 /* PBXTargetDependency */ = {
			isa = PBXTargetDependency;
			target = 36F4C10F1B60B6410023D6F6 /* RaiseMan */;
			targetProxy = 36F4C12A1B60B6410023D6F6 /* PBXContainerItemProxy */;
		};
/* End PBXTargetDependency section */

/* Begin PBXVariantGroup section */
		36F4C11D1B60B6410023D6F6 /* Document.xib */ = {
			isa = PBXVariantGroup;
			children = (
				36F4C11E1B60B6410023D6F6 /* Base */,
			);
			name = Document.xib;
			sourceTree = "<group>";
		};
		36F4C1221B60B6410023D6F6 /* MainMenu.xib */ = {
			isa = PBXVariantGroup;
			children = (
				36F4C1231B60B6410023D6F6 /* Base */,
			);
			name = MainMenu.xib;
			sourceTree = "<group>";
		};
/* End PBXVariantGroup section */

/* Begin XCBuildConfiguration section */
		36F4C1311B60B6410023D6F6 /* Debug */ = {
			isa = XCBuildConfiguration;
			buildSettings = {
				ALWAYS_SEARCH_USER_PATHS = NO;
				CLANG_CXX_LANGUAGE_STANDARD = "gnu++0x";
				CLANG_CXX_LIBRARY = "libc++";
				CLANG_ENABLE_MODULES = YES;
				CLANG_ENABLE_OBJC_ARC = YES;
				CLANG_WARN_BOOL_CONVERSION = YES;
				CLANG_WARN_CONSTANT_CONVERSION = YES;
				CLANG_WARN_DIRECT_OBJC_ISA_USAGE = YES_ERROR;
				CLANG_WARN_EMPTY_BODY = YES;
				CLANG_WARN_ENUM_CONVERSION = YES;
				CLANG_WARN_INT_CONVERSION = YES;
				CLANG_WARN_OBJC_ROOT_CLASS = YES_ERROR;
				CLANG_WARN_UNREACHABLE_CODE = YES;
				CLANG_WARN__DUPLICATE_METHOD_MATCH = YES;
				CODE_SIGN_IDENTITY = "-";
				COPY_PHASE_STRIP = NO;
				DEBUG_INFORMATION_FORMAT = dwarf;
				ENABLE_STRICT_OBJC_MSGSEND = YES;
				GCC_C_LANGUAGE_STANDARD = gnu99;
				GCC_DYNAMIC_NO_PIC = NO;
				GCC_NO_COMMON_BLOCKS = YES;
				GCC_OPTIMIZATION_LEVEL = 0;
				GCC_PREPROCESSOR_DEFINITIONS = (
					"DEBUG=1",
					"$(inherited)",
				);
				GCC_SYMBOLS_PRIVATE_EXTERN = NO;
				GCC_WARN_64_TO_32_BIT_CONVERSION = YES;
				GCC_WARN_ABOUT_RETURN_TYPE = YES_ERROR;
				GCC_WARN_UNDECLARED_SELECTOR = YES;
				GCC_WARN_UNINITIALIZED_AUTOS = YES_AGGRESSIVE;
				GCC_WARN_UNUSED_FUNCTION = YES;
				GCC_WARN_UNUSED_VARIABLE = YES;
				MACOSX_DEPLOYMENT_TARGET = 10.10;
				MTL_ENABLE_DEBUG_INFO = YES;
				ONLY_ACTIVE_ARCH = YES;
				SDKROOT = macosx;
			};
			name = Debug;
		};
		36F4C1321B60B6410023D6F6 /* Release */ = {
			isa = XCBuildConfiguration;
			buildSettings = {
				ALWAYS_SEARCH_USER_PATHS = NO;
				CLANG_CXX_LANGUAGE_STANDARD = "gnu++0x";
				CLANG_CXX_LIBRARY = "libc++";
				CLANG_ENABLE_MODULES = YES;
				CLANG_ENABLE_OBJC_ARC = YES;
				CLANG_WARN_BOOL_CONVERSION = YES;
				CLANG_WARN_CONSTANT_CONVERSION = YES;
				CLANG_WARN_DIRECT_OBJC_ISA_USAGE = YES_ERROR;
				CLANG_WARN_EMPTY_BODY = YES;
				CLANG_WARN_ENUM_CONVERSION = YES;
				CLANG_WARN_INT_CONVERSION = YES;
				CLANG_WARN_OBJC_ROOT_CLASS = YES_ERROR;
				CLANG_WARN_UNREACHABLE_CODE = YES;
				CLANG_WARN__DUPLICATE_METHOD_MATCH = YES;
				CODE_SIGN_IDENTITY = "-";
				COPY_PHASE_STRIP = NO;
				DEBUG_INFORMATION_FORMAT = "dwarf-with-dsym";
				ENABLE_NS_ASSERTIONS = NO;
				ENABLE_STRICT_OBJC_MSGSEND = YES;
				GCC_C_LANGUAGE_STANDARD = gnu99;
				GCC_NO_COMMON_BLOCKS = YES;
				GCC_WARN_64_TO_32_BIT_CONVERSION = YES;
				GCC_WARN_ABOUT_RETURN_TYPE = YES_ERROR;
				GCC_WARN_UNDECLARED_SELECTOR = YES;
				GCC_WARN_UNINITIALIZED_AUTOS = YES_AGGRESSIVE;
				GCC_WARN_UNUSED_FUNCTION = YES;
				GCC_WARN_UNUSED_VARIABLE = YES;
				MACOSX_DEPLOYMENT_TARGET = 10.10;
				MTL_ENABLE_DEBUG_INFO = NO;
				SDKROOT = macosx;
			};
			name = Release;
		};
		36F4C1341B60B6410023D6F6 /* Debug */ = {
			isa = XCBuildConfiguration;
			buildSettings = {
				ASSETCATALOG_COMPILER_APPICON_NAME = AppIcon;
				COMBINE_HIDPI_IMAGES = YES;
				INFOPLIST_FILE = RaiseMan/Info.plist;
				LD_RUNPATH_SEARCH_PATHS = "$(inherited) @executable_path/../Frameworks";
				PRODUCT_NAME = "$(TARGET_NAME)";
			};
			name = Debug;
		};
		36F4C1351B60B6410023D6F6 /* Release */ = {
			isa = XCBuildConfiguration;
			buildSettings = {
				ASSETCATALOG_COMPILER_APPICON_NAME = AppIcon;
				COMBINE_HIDPI_IMAGES = YES;
				INFOPLIST_FILE = RaiseMan/Info.plist;
				LD_RUNPATH_SEARCH_PATHS = "$(inherited) @executable_path/../Frameworks";
				PRODUCT_NAME = "$(TARGET_NAME)";
			};
			name = Release;
		};
		36F4C1371B60B6410023D6F6 /* Debug */ = {
			isa = XCBuildConfiguration;
			buildSettings = {
				BUNDLE_LOADER = "$(TEST_HOST)";
				COMBINE_HIDPI_IMAGES = YES;
				FRAMEWORK_SEARCH_PATHS = (
					"$(DEVELOPER_FRAMEWORKS_DIR)",
					"$(inherited)",
				);
				GCC_PREPROCESSOR_DEFINITIONS = (
					"DEBUG=1",
					"$(inherited)",
				);
				INFOPLIST_FILE = RaiseManTests/Info.plist;
				LD_RUNPATH_SEARCH_PATHS = "$(inherited) @executable_path/../Frameworks @loader_path/../Frameworks";
				PRODUCT_NAME = "$(TARGET_NAME)";
				TEST_HOST = "$(BUILT_PRODUCTS_DIR)/RaiseMan.app/Contents/MacOS/RaiseMan";
			};
			name = Debug;
		};
		36F4C1381B60B6410023D6F6 /* Release */ = {
			isa = XCBuildConfiguration;
			buildSettings = {
				BUNDLE_LOADER = "$(TEST_HOST)";
				COMBINE_HIDPI_IMAGES = YES;
				FRAMEWORK_SEARCH_PATHS = (
					"$(DEVELOPER_FRAMEWORKS_DIR)",
					"$(inherited)",
				);
				INFOPLIST_FILE = RaiseManTests/Info.plist;
				LD_RUNPATH_SEARCH_PATHS = "$(inherited) @executable_path/../Frameworks @loader_path/../Frameworks";
				PRODUCT_NAME = "$(TARGET_NAME)";
				TEST_HOST = "$(BUILT_PRODUCTS_DIR)/RaiseMan.app/Contents/MacOS/RaiseMan";
			};
			name = Release;
		};
/* End XCBuildConfiguration section */

/* Begin XCConfigurationList section */
		36F4C10B1B60B6410023D6F6 /* Build configuration list for PBXProject "RaiseMan" */ = {
			isa = XCConfigurationList;
			buildConfigurations = (
				36F4C1311B60B6410023D6F6 /* Debug */,
				36F4C1321B60B6410023D6F6 /* Release */,
			);
			defaultConfigurationIsVisible = 0;
			defaultConfigurationName = Release;
		};
		36F4C1331B60B6410023D6F6 /* Build configuration list for PBXNativeTarget "RaiseMan" */ = {
			isa = XCConfigurationList;
			buildConfigurations = (
				36F4C1341B60B6410023D6F6 /* Debug */,
				36F4C1351B60B6410023D6F6 /* Release */,
			);
			defaultConfigurationIsVisible = 0;
		};
		36F4C1361B60B6410023D6F6 /* Build configuration list for PBXNativeTarget "RaiseManTests" */ = {
			isa = XCConfigurationList;
			buildConfigurations = (
				36F4C1371B60B6410023D6F6 /* Debug */,
				36F4C1381B60B6410023D6F6 /* Release */,
			);
			defaultConfigurationIsVisible = 0;
		};
/* End XCConfigurationList section */
	};
	rootObject = 36F4C1081B60B6410023D6F6 /* Project object */;
}
