// !$*UTF8*$!
{
	archiveVersion = 1;
	classes = {
	};
	objectVersion = 46;
	objects = {

/* Begin PBXBuildFile section */
		369703FA1B65C7760028839E /* AppDelegate.m in Sources */ = {isa = PBXBuildFile; fileRef = 369703F91B65C7760028839E /* AppDelegate.m */; };
		369703FC1B65C7760028839E /* main.m in Sources */ = {isa = PBXBuildFile; fileRef = 369703FB1B65C7760028839E /* main.m */; };
		369703FE1B65C7760028839E /* Images.xcassets in Resources */ = {isa = PBXBuildFile; fileRef = 369703FD1B65C7760028839E /* Images.xcassets */; };
		369704011B65C7760028839E /* MainMenu.xib in Resources */ = {isa = PBXBuildFile; fileRef = 369703FF1B65C7760028839E /* MainMenu.xib */; };
		3697040D1B65C7760028839E /* ch6challengeTests.m in Sources */ = {isa = PBXBuildFile; fileRef = 3697040C1B65C7760028839E /* ch6challengeTests.m */; };
/* End PBXBuildFile section */

/* Begin PBXContainerItemProxy section */
		369704071B65C7760028839E /* PBXContainerItemProxy */ = {
			isa = PBXContainerItemProxy;
			containerPortal = 369703EB1B65C7760028839E /* Project object */;
			proxyType = 1;
			remoteGlobalIDString = 369703F21B65C7760028839E;
			remoteInfo = ch6challenge;
		};
/* End PBXContainerItemProxy section */

/* Begin PBXFileReference section */
		369703F31B65C7760028839E /* ch6challenge.app */ = {isa = PBXFileReference; explicitFileType = wrapper.application; includeInIndex = 0; path = ch6challenge.app; sourceTree = BUILT_PRODUCTS_DIR; };
		369703F71B65C7760028839E /* Info.plist */ = {isa = PBXFileReference; lastKnownFileType = text.plist.xml; path = Info.plist; sourceTree = "<group>"; };
		369703F81B65C7760028839E /* AppDelegate.h */ = {isa = PBXFileReference; lastKnownFileType = sourcecode.c.h; path = AppDelegate.h; sourceTree = "<group>"; };
		369703F91B65C7760028839E /* AppDelegate.m */ = {isa = PBXFileReference; lastKnownFileType = sourcecode.c.objc; path = AppDelegate.m; sourceTree = "<group>"; };
		369703FB1B65C7760028839E /* main.m */ = {isa = PBXFileReference; lastKnownFileType = sourcecode.c.objc; path = main.m; sourceTree = "<group>"; };
		369703FD1B65C7760028839E /* Images.xcassets */ = {isa = PBXFileReference; lastKnownFileType = folder.assetcatalog; path = Images.xcassets; sourceTree = "<group>"; };
		369704001B65C7760028839E /* Base */ = {isa = PBXFileReference; lastKnownFileType = file.xib; name = Base; path = Base.lproj/MainMenu.xib; sourceTree = "<group>"; };
		369704061B65C7760028839E /* ch6challengeTests.xctest */ = {isa = PBXFileReference; explicitFileType = wrapper.cfbundle; includeInIndex = 0; path = ch6challengeTests.xctest; sourceTree = BUILT_PRODUCTS_DIR; };
		3697040B1B65C7760028839E /* Info.plist */ = {isa = PBXFileReference; lastKnownFileType = text.plist.xml; path = Info.plist; sourceTree = "<group>"; };
		3697040C1B65C7760028839E /* ch6challengeTests.m */ = {isa = PBXFileReference; lastKnownFileType = sourcecode.c.objc; path = ch6challengeTests.m; sourceTree = "<group>"; };
/* End PBXFileReference section */

/* Begin PBXFrameworksBuildPhase section */
		369703F01B65C7760028839E /* Frameworks */ = {
			isa = PBXFrameworksBuildPhase;
			buildActionMask = 2147483647;
			files = (
			);
			runOnlyForDeploymentPostprocessing = 0;
		};
		369704031B65C7760028839E /* Frameworks */ = {
			isa = PBXFrameworksBuildPhase;
			buildActionMask = 2147483647;
			files = (
			);
			runOnlyForDeploymentPostprocessing = 0;
		};
/* End PBXFrameworksBuildPhase section */

/* Begin PBXGroup section */
		369703EA1B65C7760028839E = {
			isa = PBXGroup;
			children = (
				369703F51B65C7760028839E /* ch6challenge */,
				369704091B65C7760028839E /* ch6challengeTests */,
				369703F41B65C7760028839E /* Products */,
			);
			sourceTree = "<group>";
		};
		369703F41B65C7760028839E /* Products */ = {
			isa = PBXGroup;
			children = (
				369703F31B65C7760028839E /* ch6challenge.app */,
				369704061B65C7760028839E /* ch6challengeTests.xctest */,
			);
			name = Products;
			sourceTree = "<group>";
		};
		369703F51B65C7760028839E /* ch6challenge */ = {
			isa = PBXGroup;
			children = (
				369703F81B65C7760028839E /* AppDelegate.h */,
				369703F91B65C7760028839E /* AppDelegate.m */,
				369703FD1B65C7760028839E /* Images.xcassets */,
				369703FF1B65C7760028839E /* MainMenu.xib */,
				369703F61B65C7760028839E /* Supporting Files */,
			);
			path = ch6challenge;
			sourceTree = "<group>";
		};
		369703F61B65C7760028839E /* Supporting Files */ = {
			isa = PBXGroup;
			children = (
				369703F71B65C7760028839E /* Info.plist */,
				369703FB1B65C7760028839E /* main.m */,
			);
			name = "Supporting Files";
			sourceTree = "<group>";
		};
		369704091B65C7760028839E /* ch6challengeTests */ = {
			isa = PBXGroup;
			children = (
				3697040C1B65C7760028839E /* ch6challengeTests.m */,
				3697040A1B65C7760028839E /* Supporting Files */,
			);
			path = ch6challengeTests;
			sourceTree = "<group>";
		};
		3697040A1B65C7760028839E /* Supporting Files */ = {
			isa = PBXGroup;
			children = (
				3697040B1B65C7760028839E /* Info.plist */,
			);
			name = "Supporting Files";
			sourceTree = "<group>";
		};
/* End PBXGroup section */

/* Begin PBXNativeTarget section */
		369703F21B65C7760028839E /* ch6challenge */ = {
			isa = PBXNativeTarget;
			buildConfigurationList = 369704101B65C7760028839E /* Build configuration list for PBXNativeTarget "ch6challenge" */;
			buildPhases = (
				369703EF1B65C7760028839E /* Sources */,
				369703F01B65C7760028839E /* Frameworks */,
				369703F11B65C7760028839E /* Resources */,
			);
			buildRules = (
			);
			dependencies = (
			);
			name = ch6challenge;
			productName = ch6challenge;
			productReference = 369703F31B65C7760028839E /* ch6challenge.app */;
			productType = "com.apple.product-type.application";
		};
		369704051B65C7760028839E /* ch6challengeTests */ = {
			isa = PBXNativeTarget;
			buildConfigurationList = 369704131B65C7760028839E /* Build configuration list for PBXNativeTarget "ch6challengeTests" */;
			buildPhases = (
				369704021B65C7760028839E /* Sources */,
				369704031B65C7760028839E /* Frameworks */,
				369704041B65C7760028839E /* Resources */,
			);
			buildRules = (
			);
			dependencies = (
				369704081B65C7760028839E /* PBXTargetDependency */,
			);
			name = ch6challengeTests;
			productName = ch6challengeTests;
			productReference = 369704061B65C7760028839E /* ch6challengeTests.xctest */;
			productType = "com.apple.product-type.bundle.unit-test";
		};
/* End PBXNativeTarget section */

/* Begin PBXProject section */
		369703EB1B65C7760028839E /* Project object */ = {
			isa = PBXProject;
			attributes = {
				LastUpgradeCheck = 0640;
				ORGANIZATIONNAME = "Timothy Shull";
				TargetAttributes = {
					369703F21B65C7760028839E = {
						CreatedOnToolsVersion = 6.4;
					};
					369704051B65C7760028839E = {
						CreatedOnToolsVersion = 6.4;
						TestTargetID = 369703F21B65C7760028839E;
					};
				};
			};
			buildConfigurationList = 369703EE1B65C7760028839E /* Build configuration list for PBXProject "ch6challenge" */;
			compatibilityVersion = "Xcode 3.2";
			developmentRegion = English;
			hasScannedForEncodings = 0;
			knownRegions = (
				en,
				Base,
			);
			mainGroup = 369703EA1B65C7760028839E;
			productRefGroup = 369703F41B65C7760028839E /* Products */;
			projectDirPath = "";
			projectRoot = "";
			targets = (
				369703F21B65C7760028839E /* ch6challenge */,
				369704051B65C7760028839E /* ch6challengeTests */,
			);
		};
/* End PBXProject section */

/* Begin PBXResourcesBuildPhase section */
		369703F11B65C7760028839E /* Resources */ = {
			isa = PBXResourcesBuildPhase;
			buildActionMask = 2147483647;
			files = (
				369703FE1B65C7760028839E /* Images.xcassets in Resources */,
				369704011B65C7760028839E /* MainMenu.xib in Resources */,
			);
			runOnlyForDeploymentPostprocessing = 0;
		};
		369704041B65C7760028839E /* Resources */ = {
			isa = PBXResourcesBuildPhase;
			buildActionMask = 2147483647;
			files = (
			);
			runOnlyForDeploymentPostprocessing = 0;
		};
/* End PBXResourcesBuildPhase section */

/* Begin PBXSourcesBuildPhase section */
		369703EF1B65C7760028839E /* Sources */ = {
			isa = PBXSourcesBuildPhase;
			buildActionMask = 2147483647;
			files = (
				369703FC1B65C7760028839E /* main.m in Sources */,
				369703FA1B65C7760028839E /* AppDelegate.m in Sources */,
			);
			runOnlyForDeploymentPostprocessing = 0;
		};
		369704021B65C7760028839E /* Sources */ = {
			isa = PBXSourcesBuildPhase;
			buildActionMask = 2147483647;
			files = (
				3697040D1B65C7760028839E /* ch6challengeTests.m in Sources */,
			);
			runOnlyForDeploymentPostprocessing = 0;
		};
/* End PBXSourcesBuildPhase section */

/* Begin PBXTargetDependency section */
		369704081B65C7760028839E /* PBXTargetDependency */ = {
			isa = PBXTargetDependency;
			target = 369703F21B65C7760028839E /* ch6challenge */;
			targetProxy = 369704071B65C7760028839E /* PBXContainerItemProxy */;
		};
/* End PBXTargetDependency section */

/* Begin PBXVariantGroup section */
		369703FF1B65C7760028839E /* MainMenu.xib */ = {
			isa = PBXVariantGroup;
			children = (
				369704001B65C7760028839E /* Base */,
			);
			name = MainMenu.xib;
			sourceTree = "<group>";
		};
/* End PBXVariantGroup section */

/* Begin XCBuildConfiguration section */
		3697040E1B65C7760028839E /* Debug */ = {
			isa = XCBuildConfiguration;
			buildSettings = {
				ALWAYS_SEARCH_USER_PATHS = NO;
				CLANG_CXX_LANGUAGE_STANDARD = "gnu++0x";
				CLANG_CXX_LIBRARY = "libc++";
				CLANG_ENABLE_MODULES = YES;
				CLANG_ENABLE_OBJC_ARC = YES;
				CLANG_WARN_BOOL_CONVERSION = YES;
				CLANG_WARN_CONSTANT_CONVERSION = YES;
				CLANG_WARN_DIRECT_OBJC_ISA_USAGE = YES_ERROR;
				CLANG_WARN_EMPTY_BODY = YES;
				CLANG_WARN_ENUM_CONVERSION = YES;
				CLANG_WARN_INT_CONVERSION = YES;
				CLANG_WARN_OBJC_ROOT_CLASS = YES_ERROR;
				CLANG_WARN_UNREACHABLE_CODE = YES;
				CLANG_WARN__DUPLICATE_METHOD_MATCH = YES;
				CODE_SIGN_IDENTITY = "-";
				COPY_PHASE_STRIP = NO;
				DEBUG_INFORMATION_FORMAT = dwarf;
				ENABLE_STRICT_OBJC_MSGSEND = YES;
				GCC_C_LANGUAGE_STANDARD = gnu99;
				GCC_DYNAMIC_NO_PIC = NO;
				GCC_NO_COMMON_BLOCKS = YES;
				GCC_OPTIMIZATION_LEVEL = 0;
				GCC_PREPROCESSOR_DEFINITIONS = (
					"DEBUG=1",
					"$(inherited)",
				);
				GCC_SYMBOLS_PRIVATE_EXTERN = NO;
				GCC_WARN_64_TO_32_BIT_CONVERSION = YES;
				GCC_WARN_ABOUT_RETURN_TYPE = YES_ERROR;
				GCC_WARN_UNDECLARED_SELECTOR = YES;
				GCC_WARN_UNINITIALIZED_AUTOS = YES_AGGRESSIVE;
				GCC_WARN_UNUSED_FUNCTION = YES;
				GCC_WARN_UNUSED_VARIABLE = YES;
				MACOSX_DEPLOYMENT_TARGET = 10.10;
				MTL_ENABLE_DEBUG_INFO = YES;
				ONLY_ACTIVE_ARCH = YES;
				SDKROOT = macosx;
			};
			name = Debug;
		};
		3697040F1B65C7760028839E /* Release */ = {
			isa = XCBuildConfiguration;
			buildSettings = {
				ALWAYS_SEARCH_USER_PATHS = NO;
				CLANG_CXX_LANGUAGE_STANDARD = "gnu++0x";
				CLANG_CXX_LIBRARY = "libc++";
				CLANG_ENABLE_MODULES = YES;
				CLANG_ENABLE_OBJC_ARC = YES;
				CLANG_WARN_BOOL_CONVERSION = YES;
				CLANG_WARN_CONSTANT_CONVERSION = YES;
				CLANG_WARN_DIRECT_OBJC_ISA_USAGE = YES_ERROR;
				CLANG_WARN_EMPTY_BODY = YES;
				CLANG_WARN_ENUM_CONVERSION = YES;
				CLANG_WARN_INT_CONVERSION = YES;
				CLANG_WARN_OBJC_ROOT_CLASS = YES_ERROR;
				CLANG_WARN_UNREACHABLE_CODE = YES;
				CLANG_WARN__DUPLICATE_METHOD_MATCH = YES;
				CODE_SIGN_IDENTITY = "-";
				COPY_PHASE_STRIP = NO;
				DEBUG_INFORMATION_FORMAT = "dwarf-with-dsym";
				ENABLE_NS_ASSERTIONS = NO;
				ENABLE_STRICT_OBJC_MSGSEND = YES;
				GCC_C_LANGUAGE_STANDARD = gnu99;
				GCC_NO_COMMON_BLOCKS = YES;
				GCC_WARN_64_TO_32_BIT_CONVERSION = YES;
				GCC_WARN_ABOUT_RETURN_TYPE = YES_ERROR;
				GCC_WARN_UNDECLARED_SELECTOR = YES;
				GCC_WARN_UNINITIALIZED_AUTOS = YES_AGGRESSIVE;
				GCC_WARN_UNUSED_FUNCTION = YES;
				GCC_WARN_UNUSED_VARIABLE = YES;
				MACOSX_DEPLOYMENT_TARGET = 10.10;
				MTL_ENABLE_DEBUG_INFO = NO;
				SDKROOT = macosx;
			};
			name = Release;
		};
		369704111B65C7760028839E /* Debug */ = {
			isa = XCBuildConfiguration;
			buildSettings = {
				ASSETCATALOG_COMPILER_APPICON_NAME = AppIcon;
				COMBINE_HIDPI_IMAGES = YES;
				INFOPLIST_FILE = ch6challenge/Info.plist;
				LD_RUNPATH_SEARCH_PATHS = "$(inherited) @executable_path/../Frameworks";
				PRODUCT_NAME = "$(TARGET_NAME)";
			};
			name = Debug;
		};
		369704121B65C7760028839E /* Release */ = {
			isa = XCBuildConfiguration;
			buildSettings = {
				ASSETCATALOG_COMPILER_APPICON_NAME = AppIcon;
				COMBINE_HIDPI_IMAGES = YES;
				INFOPLIST_FILE = ch6challenge/Info.plist;
				LD_RUNPATH_SEARCH_PATHS = "$(inherited) @executable_path/../Frameworks";
				PRODUCT_NAME = "$(TARGET_NAME)";
			};
			name = Release;
		};
		369704141B65C7760028839E /* Debug */ = {
			isa = XCBuildConfiguration;
			buildSettings = {
				BUNDLE_LOADER = "$(TEST_HOST)";
				COMBINE_HIDPI_IMAGES = YES;
				FRAMEWORK_SEARCH_PATHS = (
					"$(DEVELOPER_FRAMEWORKS_DIR)",
					"$(inherited)",
				);
				GCC_PREPROCESSOR_DEFINITIONS = (
					"DEBUG=1",
					"$(inherited)",
				);
				INFOPLIST_FILE = ch6challengeTests/Info.plist;
				LD_RUNPATH_SEARCH_PATHS = "$(inherited) @executable_path/../Frameworks @loader_path/../Frameworks";
				PRODUCT_NAME = "$(TARGET_NAME)";
				TEST_HOST = "$(BUILT_PRODUCTS_DIR)/ch6challenge.app/Contents/MacOS/ch6challenge";
			};
			name = Debug;
		};
		369704151B65C7760028839E /* Release */ = {
			isa = XCBuildConfiguration;
			buildSettings = {
				BUNDLE_LOADER = "$(TEST_HOST)";
				COMBINE_HIDPI_IMAGES = YES;
				FRAMEWORK_SEARCH_PATHS = (
					"$(DEVELOPER_FRAMEWORKS_DIR)",
					"$(inherited)",
				);
				INFOPLIST_FILE = ch6challengeTests/Info.plist;
				LD_RUNPATH_SEARCH_PATHS = "$(inherited) @executable_path/../Frameworks @loader_path/../Frameworks";
				PRODUCT_NAME = "$(TARGET_NAME)";
				TEST_HOST = "$(BUILT_PRODUCTS_DIR)/ch6challenge.app/Contents/MacOS/ch6challenge";
			};
			name = Release;
		};
/* End XCBuildConfiguration section */

/* Begin XCConfigurationList section */
		369703EE1B65C7760028839E /* Build configuration list for PBXProject "ch6challenge" */ = {
			isa = XCConfigurationList;
			buildConfigurations = (
				3697040E1B65C7760028839E /* Debug */,
				3697040F1B65C7760028839E /* Release */,
			);
			defaultConfigurationIsVisible = 0;
			defaultConfigurationName = Release;
		};
		369704101B65C7760028839E /* Build configuration list for PBXNativeTarget "ch6challenge" */ = {
			isa = XCConfigurationList;
			buildConfigurations = (
				369704111B65C7760028839E /* Debug */,
				369704121B65C7760028839E /* Release */,
			);
			defaultConfigurationIsVisible = 0;
		};
		369704131B65C7760028839E /* Build configuration list for PBXNativeTarget "ch6challengeTests" */ = {
			isa = XCConfigurationList;
			buildConfigurations = (
				369704141B65C7760028839E /* Debug */,
				369704151B65C7760028839E /* Release */,
			);
			defaultConfigurationIsVisible = 0;
		};
/* End XCConfigurationList section */
	};
	rootObject = 369703EB1B65C7760028839E /* Project object */;
}
