// !$*UTF8*$!
{
	archiveVersion = 1;
	classes = {
	};
	objectVersion = 46;
	objects = {

/* Begin PBXBuildFile section */
		368638D91B5C61FA00B04A4B /* AppDelegate.m in Sources */ = {isa = PBXBuildFile; fileRef = 368638D81B5C61FA00B04A4B /* AppDelegate.m */; };
		368638DB1B5C61FA00B04A4B /* main.m in Sources */ = {isa = PBXBuildFile; fileRef = 368638DA1B5C61FA00B04A4B /* main.m */; };
		368638DD1B5C61FA00B04A4B /* Images.xcassets in Resources */ = {isa = PBXBuildFile; fileRef = 368638DC1B5C61FA00B04A4B /* Images.xcassets */; };
		368638E01B5C61FA00B04A4B /* MainMenu.xib in Resources */ = {isa = PBXBuildFile; fileRef = 368638DE1B5C61FA00B04A4B /* MainMenu.xib */; };
		368638EC1B5C61FA00B04A4B /* ch5Tests.m in Sources */ = {isa = PBXBuildFile; fileRef = 368638EB1B5C61FA00B04A4B /* ch5Tests.m */; };
/* End PBXBuildFile section */

/* Begin PBXContainerItemProxy section */
		368638E61B5C61FA00B04A4B /* PBXContainerItemProxy */ = {
			isa = PBXContainerItemProxy;
			containerPortal = 368638CA1B5C61FA00B04A4B /* Project object */;
			proxyType = 1;
			remoteGlobalIDString = 368638D11B5C61FA00B04A4B;
			remoteInfo = ch5;
		};
/* End PBXContainerItemProxy section */

/* Begin PBXFileReference section */
		368638D21B5C61FA00B04A4B /* ch5.app */ = {isa = PBXFileReference; explicitFileType = wrapper.application; includeInIndex = 0; path = ch5.app; sourceTree = BUILT_PRODUCTS_DIR; };
		368638D61B5C61FA00B04A4B /* Info.plist */ = {isa = PBXFileReference; lastKnownFileType = text.plist.xml; path = Info.plist; sourceTree = "<group>"; };
		368638D71B5C61FA00B04A4B /* AppDelegate.h */ = {isa = PBXFileReference; lastKnownFileType = sourcecode.c.h; path = AppDelegate.h; sourceTree = "<group>"; };
		368638D81B5C61FA00B04A4B /* AppDelegate.m */ = {isa = PBXFileReference; lastKnownFileType = sourcecode.c.objc; path = AppDelegate.m; sourceTree = "<group>"; };
		368638DA1B5C61FA00B04A4B /* main.m */ = {isa = PBXFileReference; lastKnownFileType = sourcecode.c.objc; path = main.m; sourceTree = "<group>"; };
		368638DC1B5C61FA00B04A4B /* Images.xcassets */ = {isa = PBXFileReference; lastKnownFileType = folder.assetcatalog; path = Images.xcassets; sourceTree = "<group>"; };
		368638DF1B5C61FA00B04A4B /* Base */ = {isa = PBXFileReference; lastKnownFileType = file.xib; name = Base; path = Base.lproj/MainMenu.xib; sourceTree = "<group>"; };
		368638E51B5C61FA00B04A4B /* ch5Tests.xctest */ = {isa = PBXFileReference; explicitFileType = wrapper.cfbundle; includeInIndex = 0; path = ch5Tests.xctest; sourceTree = BUILT_PRODUCTS_DIR; };
		368638EA1B5C61FA00B04A4B /* Info.plist */ = {isa = PBXFileReference; lastKnownFileType = text.plist.xml; path = Info.plist; sourceTree = "<group>"; };
		368638EB1B5C61FA00B04A4B /* ch5Tests.m */ = {isa = PBXFileReference; lastKnownFileType = sourcecode.c.objc; path = ch5Tests.m; sourceTree = "<group>"; };
/* End PBXFileReference section */

/* Begin PBXFrameworksBuildPhase section */
		368638CF1B5C61FA00B04A4B /* Frameworks */ = {
			isa = PBXFrameworksBuildPhase;
			buildActionMask = 2147483647;
			files = (
			);
			runOnlyForDeploymentPostprocessing = 0;
		};
		368638E21B5C61FA00B04A4B /* Frameworks */ = {
			isa = PBXFrameworksBuildPhase;
			buildActionMask = 2147483647;
			files = (
			);
			runOnlyForDeploymentPostprocessing = 0;
		};
/* End PBXFrameworksBuildPhase section */

/* Begin PBXGroup section */
		368638C91B5C61FA00B04A4B = {
			isa = PBXGroup;
			children = (
				368638D41B5C61FA00B04A4B /* ch5 */,
				368638E81B5C61FA00B04A4B /* ch5Tests */,
				368638D31B5C61FA00B04A4B /* Products */,
			);
			sourceTree = "<group>";
		};
		368638D31B5C61FA00B04A4B /* Products */ = {
			isa = PBXGroup;
			children = (
				368638D21B5C61FA00B04A4B /* ch5.app */,
				368638E51B5C61FA00B04A4B /* ch5Tests.xctest */,
			);
			name = Products;
			sourceTree = "<group>";
		};
		368638D41B5C61FA00B04A4B /* ch5 */ = {
			isa = PBXGroup;
			children = (
				368638D71B5C61FA00B04A4B /* AppDelegate.h */,
				368638D81B5C61FA00B04A4B /* AppDelegate.m */,
				368638DC1B5C61FA00B04A4B /* Images.xcassets */,
				368638DE1B5C61FA00B04A4B /* MainMenu.xib */,
				368638D51B5C61FA00B04A4B /* Supporting Files */,
			);
			path = ch5;
			sourceTree = "<group>";
		};
		368638D51B5C61FA00B04A4B /* Supporting Files */ = {
			isa = PBXGroup;
			children = (
				368638D61B5C61FA00B04A4B /* Info.plist */,
				368638DA1B5C61FA00B04A4B /* main.m */,
			);
			name = "Supporting Files";
			sourceTree = "<group>";
		};
		368638E81B5C61FA00B04A4B /* ch5Tests */ = {
			isa = PBXGroup;
			children = (
				368638EB1B5C61FA00B04A4B /* ch5Tests.m */,
				368638E91B5C61FA00B04A4B /* Supporting Files */,
			);
			path = ch5Tests;
			sourceTree = "<group>";
		};
		368638E91B5C61FA00B04A4B /* Supporting Files */ = {
			isa = PBXGroup;
			children = (
				368638EA1B5C61FA00B04A4B /* Info.plist */,
			);
			name = "Supporting Files";
			sourceTree = "<group>";
		};
/* End PBXGroup section */

/* Begin PBXNativeTarget section */
		368638D11B5C61FA00B04A4B /* ch5 */ = {
			isa = PBXNativeTarget;
			buildConfigurationList = 368638EF1B5C61FA00B04A4B /* Build configuration list for PBXNativeTarget "ch5" */;
			buildPhases = (
				368638CE1B5C61FA00B04A4B /* Sources */,
				368638CF1B5C61FA00B04A4B /* Frameworks */,
				368638D01B5C61FA00B04A4B /* Resources */,
			);
			buildRules = (
			);
			dependencies = (
			);
			name = ch5;
			productName = ch5;
			productReference = 368638D21B5C61FA00B04A4B /* ch5.app */;
			productType = "com.apple.product-type.application";
		};
		368638E41B5C61FA00B04A4B /* ch5Tests */ = {
			isa = PBXNativeTarget;
			buildConfigurationList = 368638F21B5C61FA00B04A4B /* Build configuration list for PBXNativeTarget "ch5Tests" */;
			buildPhases = (
				368638E11B5C61FA00B04A4B /* Sources */,
				368638E21B5C61FA00B04A4B /* Frameworks */,
				368638E31B5C61FA00B04A4B /* Resources */,
			);
			buildRules = (
			);
			dependencies = (
				368638E71B5C61FA00B04A4B /* PBXTargetDependency */,
			);
			name = ch5Tests;
			productName = ch5Tests;
			productReference = 368638E51B5C61FA00B04A4B /* ch5Tests.xctest */;
			productType = "com.apple.product-type.bundle.unit-test";
		};
/* End PBXNativeTarget section */

/* Begin PBXProject section */
		368638CA1B5C61FA00B04A4B /* Project object */ = {
			isa = PBXProject;
			attributes = {
				LastUpgradeCheck = 0640;
				ORGANIZATIONNAME = "Timothy Shull";
				TargetAttributes = {
					368638D11B5C61FA00B04A4B = {
						CreatedOnToolsVersion = 6.4;
					};
					368638E41B5C61FA00B04A4B = {
						CreatedOnToolsVersion = 6.4;
						TestTargetID = 368638D11B5C61FA00B04A4B;
					};
				};
			};
			buildConfigurationList = 368638CD1B5C61FA00B04A4B /* Build configuration list for PBXProject "ch5" */;
			compatibilityVersion = "Xcode 3.2";
			developmentRegion = English;
			hasScannedForEncodings = 0;
			knownRegions = (
				en,
				Base,
			);
			mainGroup = 368638C91B5C61FA00B04A4B;
			productRefGroup = 368638D31B5C61FA00B04A4B /* Products */;
			projectDirPath = "";
			projectRoot = "";
			targets = (
				368638D11B5C61FA00B04A4B /* ch5 */,
				368638E41B5C61FA00B04A4B /* ch5Tests */,
			);
		};
/* End PBXProject section */

/* Begin PBXResourcesBuildPhase section */
		368638D01B5C61FA00B04A4B /* Resources */ = {
			isa = PBXResourcesBuildPhase;
			buildActionMask = 2147483647;
			files = (
				368638DD1B5C61FA00B04A4B /* Images.xcassets in Resources */,
				368638E01B5C61FA00B04A4B /* MainMenu.xib in Resources */,
			);
			runOnlyForDeploymentPostprocessing = 0;
		};
		368638E31B5C61FA00B04A4B /* Resources */ = {
			isa = PBXResourcesBuildPhase;
			buildActionMask = 2147483647;
			files = (
			);
			runOnlyForDeploymentPostprocessing = 0;
		};
/* End PBXResourcesBuildPhase section */

/* Begin PBXSourcesBuildPhase section */
		368638CE1B5C61FA00B04A4B /* Sources */ = {
			isa = PBXSourcesBuildPhase;
			buildActionMask = 2147483647;
			files = (
				368638DB1B5C61FA00B04A4B /* main.m in Sources */,
				368638D91B5C61FA00B04A4B /* AppDelegate.m in Sources */,
			);
			runOnlyForDeploymentPostprocessing = 0;
		};
		368638E11B5C61FA00B04A4B /* Sources */ = {
			isa = PBXSourcesBuildPhase;
			buildActionMask = 2147483647;
			files = (
				368638EC1B5C61FA00B04A4B /* ch5Tests.m in Sources */,
			);
			runOnlyForDeploymentPostprocessing = 0;
		};
/* End PBXSourcesBuildPhase section */

/* Begin PBXTargetDependency section */
		368638E71B5C61FA00B04A4B /* PBXTargetDependency */ = {
			isa = PBXTargetDependency;
			target = 368638D11B5C61FA00B04A4B /* ch5 */;
			targetProxy = 368638E61B5C61FA00B04A4B /* PBXContainerItemProxy */;
		};
/* End PBXTargetDependency section */

/* Begin PBXVariantGroup section */
		368638DE1B5C61FA00B04A4B /* MainMenu.xib */ = {
			isa = PBXVariantGroup;
			children = (
				368638DF1B5C61FA00B04A4B /* Base */,
			);
			name = MainMenu.xib;
			sourceTree = "<group>";
		};
/* End PBXVariantGroup section */

/* Begin XCBuildConfiguration section */
		368638ED1B5C61FA00B04A4B /* Debug */ = {
			isa = XCBuildConfiguration;
			buildSettings = {
				ALWAYS_SEARCH_USER_PATHS = NO;
				CLANG_CXX_LANGUAGE_STANDARD = "gnu++0x";
				CLANG_CXX_LIBRARY = "libc++";
				CLANG_ENABLE_MODULES = YES;
				CLANG_ENABLE_OBJC_ARC = YES;
				CLANG_WARN_BOOL_CONVERSION = YES;
				CLANG_WARN_CONSTANT_CONVERSION = YES;
				CLANG_WARN_DIRECT_OBJC_ISA_USAGE = YES_ERROR;
				CLANG_WARN_EMPTY_BODY = YES;
				CLANG_WARN_ENUM_CONVERSION = YES;
				CLANG_WARN_INT_CONVERSION = YES;
				CLANG_WARN_OBJC_ROOT_CLASS = YES_ERROR;
				CLANG_WARN_UNREACHABLE_CODE = YES;
				CLANG_WARN__DUPLICATE_METHOD_MATCH = YES;
				CODE_SIGN_IDENTITY = "-";
				COPY_PHASE_STRIP = NO;
				DEBUG_INFORMATION_FORMAT = dwarf;
				ENABLE_STRICT_OBJC_MSGSEND = YES;
				GCC_C_LANGUAGE_STANDARD = gnu99;
				GCC_DYNAMIC_NO_PIC = NO;
				GCC_NO_COMMON_BLOCKS = YES;
				GCC_OPTIMIZATION_LEVEL = 0;
				GCC_PREPROCESSOR_DEFINITIONS = (
					"DEBUG=1",
					"$(inherited)",
				);
				GCC_SYMBOLS_PRIVATE_EXTERN = NO;
				GCC_WARN_64_TO_32_BIT_CONVERSION = YES;
				GCC_WARN_ABOUT_RETURN_TYPE = YES_ERROR;
				GCC_WARN_UNDECLARED_SELECTOR = YES;
				GCC_WARN_UNINITIALIZED_AUTOS = YES_AGGRESSIVE;
				GCC_WARN_UNUSED_FUNCTION = YES;
				GCC_WARN_UNUSED_VARIABLE = YES;
				MACOSX_DEPLOYMENT_TARGET = 10.10;
				MTL_ENABLE_DEBUG_INFO = YES;
				ONLY_ACTIVE_ARCH = YES;
				SDKROOT = macosx;
			};
			name = Debug;
		};
		368638EE1B5C61FA00B04A4B /* Release */ = {
			isa = XCBuildConfiguration;
			buildSettings = {
				ALWAYS_SEARCH_USER_PATHS = NO;
				CLANG_CXX_LANGUAGE_STANDARD = "gnu++0x";
				CLANG_CXX_LIBRARY = "libc++";
				CLANG_ENABLE_MODULES = YES;
				CLANG_ENABLE_OBJC_ARC = YES;
				CLANG_WARN_BOOL_CONVERSION = YES;
				CLANG_WARN_CONSTANT_CONVERSION = YES;
				CLANG_WARN_DIRECT_OBJC_ISA_USAGE = YES_ERROR;
				CLANG_WARN_EMPTY_BODY = YES;
				CLANG_WARN_ENUM_CONVERSION = YES;
				CLANG_WARN_INT_CONVERSION = YES;
				CLANG_WARN_OBJC_ROOT_CLASS = YES_ERROR;
				CLANG_WARN_UNREACHABLE_CODE = YES;
				CLANG_WARN__DUPLICATE_METHOD_MATCH = YES;
				CODE_SIGN_IDENTITY = "-";
				COPY_PHASE_STRIP = NO;
				DEBUG_INFORMATION_FORMAT = "dwarf-with-dsym";
				ENABLE_NS_ASSERTIONS = NO;
				ENABLE_STRICT_OBJC_MSGSEND = YES;
				GCC_C_LANGUAGE_STANDARD = gnu99;
				GCC_NO_COMMON_BLOCKS = YES;
				GCC_WARN_64_TO_32_BIT_CONVERSION = YES;
				GCC_WARN_ABOUT_RETURN_TYPE = YES_ERROR;
				GCC_WARN_UNDECLARED_SELECTOR = YES;
				GCC_WARN_UNINITIALIZED_AUTOS = YES_AGGRESSIVE;
				GCC_WARN_UNUSED_FUNCTION = YES;
				GCC_WARN_UNUSED_VARIABLE = YES;
				MACOSX_DEPLOYMENT_TARGET = 10.10;
				MTL_ENABLE_DEBUG_INFO = NO;
				SDKROOT = macosx;
			};
			name = Release;
		};
		368638F01B5C61FA00B04A4B /* Debug */ = {
			isa = XCBuildConfiguration;
			buildSettings = {
				ASSETCATALOG_COMPILER_APPICON_NAME = AppIcon;
				COMBINE_HIDPI_IMAGES = YES;
				INFOPLIST_FILE = ch5/Info.plist;
				LD_RUNPATH_SEARCH_PATHS = "$(inherited) @executable_path/../Frameworks";
				PRODUCT_NAME = "$(TARGET_NAME)";
			};
			name = Debug;
		};
		368638F11B5C61FA00B04A4B /* Release */ = {
			isa = XCBuildConfiguration;
			buildSettings = {
				ASSETCATALOG_COMPILER_APPICON_NAME = AppIcon;
				COMBINE_HIDPI_IMAGES = YES;
				INFOPLIST_FILE = ch5/Info.plist;
				LD_RUNPATH_SEARCH_PATHS = "$(inherited) @executable_path/../Frameworks";
				PRODUCT_NAME = "$(TARGET_NAME)";
			};
			name = Release;
		};
		368638F31B5C61FA00B04A4B /* Debug */ = {
			isa = XCBuildConfiguration;
			buildSettings = {
				BUNDLE_LOADER = "$(TEST_HOST)";
				COMBINE_HIDPI_IMAGES = YES;
				FRAMEWORK_SEARCH_PATHS = (
					"$(DEVELOPER_FRAMEWORKS_DIR)",
					"$(inherited)",
				);
				GCC_PREPROCESSOR_DEFINITIONS = (
					"DEBUG=1",
					"$(inherited)",
				);
				INFOPLIST_FILE = ch5Tests/Info.plist;
				LD_RUNPATH_SEARCH_PATHS = "$(inherited) @executable_path/../Frameworks @loader_path/../Frameworks";
				PRODUCT_NAME = "$(TARGET_NAME)";
				TEST_HOST = "$(BUILT_PRODUCTS_DIR)/ch5.app/Contents/MacOS/ch5";
			};
			name = Debug;
		};
		368638F41B5C61FA00B04A4B /* Release */ = {
			isa = XCBuildConfiguration;
			buildSettings = {
				BUNDLE_LOADER = "$(TEST_HOST)";
				COMBINE_HIDPI_IMAGES = YES;
				FRAMEWORK_SEARCH_PATHS = (
					"$(DEVELOPER_FRAMEWORKS_DIR)",
					"$(inherited)",
				);
				INFOPLIST_FILE = ch5Tests/Info.plist;
				LD_RUNPATH_SEARCH_PATHS = "$(inherited) @executable_path/../Frameworks @loader_path/../Frameworks";
				PRODUCT_NAME = "$(TARGET_NAME)";
				TEST_HOST = "$(BUILT_PRODUCTS_DIR)/ch5.app/Contents/MacOS/ch5";
			};
			name = Release;
		};
/* End XCBuildConfiguration section */

/* Begin XCConfigurationList section */
		368638CD1B5C61FA00B04A4B /* Build configuration list for PBXProject "ch5" */ = {
			isa = XCConfigurationList;
			buildConfigurations = (
				368638ED1B5C61FA00B04A4B /* Debug */,
				368638EE1B5C61FA00B04A4B /* Release */,
			);
			defaultConfigurationIsVisible = 0;
			defaultConfigurationName = Release;
		};
		368638EF1B5C61FA00B04A4B /* Build configuration list for PBXNativeTarget "ch5" */ = {
			isa = XCConfigurationList;
			buildConfigurations = (
				368638F01B5C61FA00B04A4B /* Debug */,
				368638F11B5C61FA00B04A4B /* Release */,
			);
			defaultConfigurationIsVisible = 0;
		};
		368638F21B5C61FA00B04A4B /* Build configuration list for PBXNativeTarget "ch5Tests" */ = {
			isa = XCConfigurationList;
			buildConfigurations = (
				368638F31B5C61FA00B04A4B /* Debug */,
				368638F41B5C61FA00B04A4B /* Release */,
			);
			defaultConfigurationIsVisible = 0;
		};
/* End XCConfigurationList section */
	};
	rootObject = 368638CA1B5C61FA00B04A4B /* Project object */;
}
