// !$*UTF8*$!
{
	archiveVersion = 1;
	classes = {
	};
	objectVersion = 46;
	objects = {

/* Begin PBXBuildFile section */
		360A617D1B67B5C300AB3CC8 /* AppDelegate.m in Sources */ = {isa = PBXBuildFile; fileRef = 360A617C1B67B5C300AB3CC8 /* AppDelegate.m */; };
		360A617F1B67B5C300AB3CC8 /* main.m in Sources */ = {isa = PBXBuildFile; fileRef = 360A617E1B67B5C300AB3CC8 /* main.m */; };
		360A61821B67B5C300AB3CC8 /* Document.m in Sources */ = {isa = PBXBuildFile; fileRef = 360A61811B67B5C300AB3CC8 /* Document.m */; };
		360A61851B67B5C300AB3CC8 /* Document.xib in Resources */ = {isa = PBXBuildFile; fileRef = 360A61831B67B5C300AB3CC8 /* Document.xib */; };
		360A61881B67B5C300AB3CC8 /* Document.xcdatamodeld in Sources */ = {isa = PBXBuildFile; fileRef = 360A61861B67B5C300AB3CC8 /* Document.xcdatamodeld */; };
		360A618A1B67B5C300AB3CC8 /* Images.xcassets in Resources */ = {isa = PBXBuildFile; fileRef = 360A61891B67B5C300AB3CC8 /* Images.xcassets */; };
		360A618D1B67B5C300AB3CC8 /* MainMenu.xib in Resources */ = {isa = PBXBuildFile; fileRef = 360A618B1B67B5C300AB3CC8 /* MainMenu.xib */; };
		360A61991B67B5C300AB3CC8 /* ch11Tests.m in Sources */ = {isa = PBXBuildFile; fileRef = 360A61981B67B5C300AB3CC8 /* ch11Tests.m */; };
		360A61A41B67C45000AB3CC8 /* CarArrayController.m in Sources */ = {isa = PBXBuildFile; fileRef = 360A61A31B67C45000AB3CC8 /* CarArrayController.m */; };
		36B9F5041B67C930005BE780 /* PreferenceController.m in Sources */ = {isa = PBXBuildFile; fileRef = 36B9F5031B67C930005BE780 /* PreferenceController.m */; };
		36B9F5071B67C983005BE780 /* AppController.m in Sources */ = {isa = PBXBuildFile; fileRef = 36B9F5061B67C983005BE780 /* AppController.m */; };
/* End PBXBuildFile section */

/* Begin PBXContainerItemProxy section */
		360A61931B67B5C300AB3CC8 /* PBXContainerItemProxy */ = {
			isa = PBXContainerItemProxy;
			containerPortal = 360A616E1B67B5C300AB3CC8 /* Project object */;
			proxyType = 1;
			remoteGlobalIDString = 360A61751B67B5C300AB3CC8;
			remoteInfo = ch11;
		};
/* End PBXContainerItemProxy section */

/* Begin PBXFileReference section */
		360A61761B67B5C300AB3CC8 /* ch11.app */ = {isa = PBXFileReference; explicitFileType = wrapper.application; includeInIndex = 0; path = ch11.app; sourceTree = BUILT_PRODUCTS_DIR; };
		360A617A1B67B5C300AB3CC8 /* Info.plist */ = {isa = PBXFileReference; lastKnownFileType = text.plist.xml; path = Info.plist; sourceTree = "<group>"; };
		360A617B1B67B5C300AB3CC8 /* AppDelegate.h */ = {isa = PBXFileReference; lastKnownFileType = sourcecode.c.h; path = AppDelegate.h; sourceTree = "<group>"; };
		360A617C1B67B5C300AB3CC8 /* AppDelegate.m */ = {isa = PBXFileReference; lastKnownFileType = sourcecode.c.objc; path = AppDelegate.m; sourceTree = "<group>"; };
		360A617E1B67B5C300AB3CC8 /* main.m */ = {isa = PBXFileReference; lastKnownFileType = sourcecode.c.objc; path = main.m; sourceTree = "<group>"; };
		360A61801B67B5C300AB3CC8 /* Document.h */ = {isa = PBXFileReference; lastKnownFileType = sourcecode.c.h; path = Document.h; sourceTree = "<group>"; };
		360A61811B67B5C300AB3CC8 /* Document.m */ = {isa = PBXFileReference; lastKnownFileType = sourcecode.c.objc; path = Document.m; sourceTree = "<group>"; };
		360A61841B67B5C300AB3CC8 /* Base */ = {isa = PBXFileReference; lastKnownFileType = file.xib; name = Base; path = Base.lproj/Document.xib; sourceTree = "<group>"; };
		360A61871B67B5C300AB3CC8 /* Document.xcdatamodel */ = {isa = PBXFileReference; lastKnownFileType = wrapper.xcdatamodel; path = Document.xcdatamodel; sourceTree = "<group>"; };
		360A61891B67B5C300AB3CC8 /* Images.xcassets */ = {isa = PBXFileReference; lastKnownFileType = folder.assetcatalog; path = Images.xcassets; sourceTree = "<group>"; };
		360A618C1B67B5C300AB3CC8 /* Base */ = {isa = PBXFileReference; lastKnownFileType = file.xib; name = Base; path = Base.lproj/MainMenu.xib; sourceTree = "<group>"; };
		360A61921B67B5C300AB3CC8 /* ch11Tests.xctest */ = {isa = PBXFileReference; explicitFileType = wrapper.cfbundle; includeInIndex = 0; path = ch11Tests.xctest; sourceTree = BUILT_PRODUCTS_DIR; };
		360A61971B67B5C300AB3CC8 /* Info.plist */ = {isa = PBXFileReference; lastKnownFileType = text.plist.xml; path = Info.plist; sourceTree = "<group>"; };
		360A61981B67B5C300AB3CC8 /* ch11Tests.m */ = {isa = PBXFileReference; lastKnownFileType = sourcecode.c.objc; path = ch11Tests.m; sourceTree = "<group>"; };
		360A61A21B67C45000AB3CC8 /* CarArrayController.h */ = {isa = PBXFileReference; fileEncoding = 4; lastKnownFileType = sourcecode.c.h; path = CarArrayController.h; sourceTree = "<group>"; };
		360A61A31B67C45000AB3CC8 /* CarArrayController.m */ = {isa = PBXFileReference; fileEncoding = 4; lastKnownFileType = sourcecode.c.objc; path = CarArrayController.m; sourceTree = "<group>"; };
		36B9F5021B67C930005BE780 /* PreferenceController.h */ = {isa = PBXFileReference; fileEncoding = 4; lastKnownFileType = sourcecode.c.h; name = PreferenceController.h; path = ../PreferenceController.h; sourceTree = "<group>"; };
		36B9F5031B67C930005BE780 /* PreferenceController.m */ = {isa = PBXFileReference; fileEncoding = 4; lastKnownFileType = sourcecode.c.objc; name = PreferenceController.m; path = ../PreferenceController.m; sourceTree = "<group>"; };
		36B9F5051B67C983005BE780 /* AppController.h */ = {isa = PBXFileReference; fileEncoding = 4; lastKnownFileType = sourcecode.c.h; path = AppController.h; sourceTree = "<group>"; };
		36B9F5061B67C983005BE780 /* AppController.m */ = {isa = PBXFileReference; fileEncoding = 4; lastKnownFileType = sourcecode.c.objc; path = AppController.m; sourceTree = "<group>"; };
/* End PBXFileReference section */

/* Begin PBXFrameworksBuildPhase section */
		360A61731B67B5C300AB3CC8 /* Frameworks */ = {
			isa = PBXFrameworksBuildPhase;
			buildActionMask = 2147483647;
			files = (
			);
			runOnlyForDeploymentPostprocessing = 0;
		};
		360A618F1B67B5C300AB3CC8 /* Frameworks */ = {
			isa = PBXFrameworksBuildPhase;
			buildActionMask = 2147483647;
			files = (
			);
			runOnlyForDeploymentPostprocessing = 0;
		};
/* End PBXFrameworksBuildPhase section */

/* Begin PBXGroup section */
		360A616D1B67B5C300AB3CC8 = {
			isa = PBXGroup;
			children = (
				360A61781B67B5C300AB3CC8 /* ch11 */,
				360A61951B67B5C300AB3CC8 /* ch11Tests */,
				360A61771B67B5C300AB3CC8 /* Products */,
			);
			sourceTree = "<group>";
		};
		360A61771B67B5C300AB3CC8 /* Products */ = {
			isa = PBXGroup;
			children = (
				360A61761B67B5C300AB3CC8 /* ch11.app */,
				360A61921B67B5C300AB3CC8 /* ch11Tests.xctest */,
			);
			name = Products;
			sourceTree = "<group>";
		};
		360A61781B67B5C300AB3CC8 /* ch11 */ = {
			isa = PBXGroup;
			children = (
				36B9F5021B67C930005BE780 /* PreferenceController.h */,
				36B9F5031B67C930005BE780 /* PreferenceController.m */,
				36B9F5051B67C983005BE780 /* AppController.h */,
				36B9F5061B67C983005BE780 /* AppController.m */,
				360A617B1B67B5C300AB3CC8 /* AppDelegate.h */,
				360A617C1B67B5C300AB3CC8 /* AppDelegate.m */,
				360A61801B67B5C300AB3CC8 /* Document.h */,
				360A61811B67B5C300AB3CC8 /* Document.m */,
				360A61831B67B5C300AB3CC8 /* Document.xib */,
				360A61A21B67C45000AB3CC8 /* CarArrayController.h */,
				360A61A31B67C45000AB3CC8 /* CarArrayController.m */,
				360A61891B67B5C300AB3CC8 /* Images.xcassets */,
				360A618B1B67B5C300AB3CC8 /* MainMenu.xib */,
				360A61861B67B5C300AB3CC8 /* Document.xcdatamodeld */,
				360A61791B67B5C300AB3CC8 /* Supporting Files */,
			);
			path = ch11;
			sourceTree = "<group>";
		};
		360A61791B67B5C300AB3CC8 /* Supporting Files */ = {
			isa = PBXGroup;
			children = (
				360A617A1B67B5C300AB3CC8 /* Info.plist */,
				360A617E1B67B5C300AB3CC8 /* main.m */,
			);
			name = "Supporting Files";
			sourceTree = "<group>";
		};
		360A61951B67B5C300AB3CC8 /* ch11Tests */ = {
			isa = PBXGroup;
			children = (
				360A61981B67B5C300AB3CC8 /* ch11Tests.m */,
				360A61961B67B5C300AB3CC8 /* Supporting Files */,
			);
			path = ch11Tests;
			sourceTree = "<group>";
		};
		360A61961B67B5C300AB3CC8 /* Supporting Files */ = {
			isa = PBXGroup;
			children = (
				360A61971B67B5C300AB3CC8 /* Info.plist */,
			);
			name = "Supporting Files";
			sourceTree = "<group>";
		};
/* End PBXGroup section */

/* Begin PBXNativeTarget section */
		360A61751B67B5C300AB3CC8 /* ch11 */ = {
			isa = PBXNativeTarget;
			buildConfigurationList = 360A619C1B67B5C300AB3CC8 /* Build configuration list for PBXNativeTarget "ch11" */;
			buildPhases = (
				360A61721B67B5C300AB3CC8 /* Sources */,
				360A61731B67B5C300AB3CC8 /* Frameworks */,
				360A61741B67B5C300AB3CC8 /* Resources */,
			);
			buildRules = (
			);
			dependencies = (
			);
			name = ch11;
			productName = ch11;
			productReference = 360A61761B67B5C300AB3CC8 /* ch11.app */;
			productType = "com.apple.product-type.application";
		};
		360A61911B67B5C300AB3CC8 /* ch11Tests */ = {
			isa = PBXNativeTarget;
			buildConfigurationList = 360A619F1B67B5C300AB3CC8 /* Build configuration list for PBXNativeTarget "ch11Tests" */;
			buildPhases = (
				360A618E1B67B5C300AB3CC8 /* Sources */,
				360A618F1B67B5C300AB3CC8 /* Frameworks */,
				360A61901B67B5C300AB3CC8 /* Resources */,
			);
			buildRules = (
			);
			dependencies = (
				360A61941B67B5C300AB3CC8 /* PBXTargetDependency */,
			);
			name = ch11Tests;
			productName = ch11Tests;
			productReference = 360A61921B67B5C300AB3CC8 /* ch11Tests.xctest */;
			productType = "com.apple.product-type.bundle.unit-test";
		};
/* End PBXNativeTarget section */

/* Begin PBXProject section */
		360A616E1B67B5C300AB3CC8 /* Project object */ = {
			isa = PBXProject;
			attributes = {
				LastUpgradeCheck = 0640;
				ORGANIZATIONNAME = "Timothy Shull";
				TargetAttributes = {
					360A61751B67B5C300AB3CC8 = {
						CreatedOnToolsVersion = 6.4;
					};
					360A61911B67B5C300AB3CC8 = {
						CreatedOnToolsVersion = 6.4;
						TestTargetID = 360A61751B67B5C300AB3CC8;
					};
				};
			};
			buildConfigurationList = 360A61711B67B5C300AB3CC8 /* Build configuration list for PBXProject "ch11" */;
			compatibilityVersion = "Xcode 3.2";
			developmentRegion = English;
			hasScannedForEncodings = 0;
			knownRegions = (
				en,
				Base,
			);
			mainGroup = 360A616D1B67B5C300AB3CC8;
			productRefGroup = 360A61771B67B5C300AB3CC8 /* Products */;
			projectDirPath = "";
			projectRoot = "";
			targets = (
				360A61751B67B5C300AB3CC8 /* ch11 */,
				360A61911B67B5C300AB3CC8 /* ch11Tests */,
			);
		};
/* End PBXProject section */

/* Begin PBXResourcesBuildPhase section */
		360A61741B67B5C300AB3CC8 /* Resources */ = {
			isa = PBXResourcesBuildPhase;
			buildActionMask = 2147483647;
			files = (
				360A61851B67B5C300AB3CC8 /* Document.xib in Resources */,
				360A618A1B67B5C300AB3CC8 /* Images.xcassets in Resources */,
				360A618D1B67B5C300AB3CC8 /* MainMenu.xib in Resources */,
			);
			runOnlyForDeploymentPostprocessing = 0;
		};
		360A61901B67B5C300AB3CC8 /* Resources */ = {
			isa = PBXResourcesBuildPhase;
			buildActionMask = 2147483647;
			files = (
			);
			runOnlyForDeploymentPostprocessing = 0;
		};
/* End PBXResourcesBuildPhase section */

/* Begin PBXSourcesBuildPhase section */
		360A61721B67B5C300AB3CC8 /* Sources */ = {
			isa = PBXSourcesBuildPhase;
			buildActionMask = 2147483647;
			files = (
				360A61881B67B5C300AB3CC8 /* Document.xcdatamodeld in Sources */,
				360A61A41B67C45000AB3CC8 /* CarArrayController.m in Sources */,
				36B9F5041B67C930005BE780 /* PreferenceController.m in Sources */,
				360A61821B67B5C300AB3CC8 /* Document.m in Sources */,
				36B9F5071B67C983005BE780 /* AppController.m in Sources */,
				360A617F1B67B5C300AB3CC8 /* main.m in Sources */,
				360A617D1B67B5C300AB3CC8 /* AppDelegate.m in Sources */,
			);
			runOnlyForDeploymentPostprocessing = 0;
		};
		360A618E1B67B5C300AB3CC8 /* Sources */ = {
			isa = PBXSourcesBuildPhase;
			buildActionMask = 2147483647;
			files = (
				360A61991B67B5C300AB3CC8 /* ch11Tests.m in Sources */,
			);
			runOnlyForDeploymentPostprocessing = 0;
		};
/* End PBXSourcesBuildPhase section */

/* Begin PBXTargetDependency section */
		360A61941B67B5C300AB3CC8 /* PBXTargetDependency */ = {
			isa = PBXTargetDependency;
			target = 360A61751B67B5C300AB3CC8 /* ch11 */;
			targetProxy = 360A61931B67B5C300AB3CC8 /* PBXContainerItemProxy */;
		};
/* End PBXTargetDependency section */

/* Begin PBXVariantGroup section */
		360A61831B67B5C300AB3CC8 /* Document.xib */ = {
			isa = PBXVariantGroup;
			children = (
				360A61841B67B5C300AB3CC8 /* Base */,
			);
			name = Document.xib;
			sourceTree = "<group>";
		};
		360A618B1B67B5C300AB3CC8 /* MainMenu.xib */ = {
			isa = PBXVariantGroup;
			children = (
				360A618C1B67B5C300AB3CC8 /* Base */,
			);
			name = MainMenu.xib;
			sourceTree = "<group>";
		};
/* End PBXVariantGroup section */

/* Begin XCBuildConfiguration section */
		360A619A1B67B5C300AB3CC8 /* Debug */ = {
			isa = XCBuildConfiguration;
			buildSettings = {
				ALWAYS_SEARCH_USER_PATHS = NO;
				CLANG_CXX_LANGUAGE_STANDARD = "gnu++0x";
				CLANG_CXX_LIBRARY = "libc++";
				CLANG_ENABLE_MODULES = YES;
				CLANG_ENABLE_OBJC_ARC = YES;
				CLANG_WARN_BOOL_CONVERSION = YES;
				CLANG_WARN_CONSTANT_CONVERSION = YES;
				CLANG_WARN_DIRECT_OBJC_ISA_USAGE = YES_ERROR;
				CLANG_WARN_EMPTY_BODY = YES;
				CLANG_WARN_ENUM_CONVERSION = YES;
				CLANG_WARN_INT_CONVERSION = YES;
				CLANG_WARN_OBJC_ROOT_CLASS = YES_ERROR;
				CLANG_WARN_UNREACHABLE_CODE = YES;
				CLANG_WARN__DUPLICATE_METHOD_MATCH = YES;
				CODE_SIGN_IDENTITY = "-";
				COPY_PHASE_STRIP = NO;
				DEBUG_INFORMATION_FORMAT = dwarf;
				ENABLE_STRICT_OBJC_MSGSEND = YES;
				GCC_C_LANGUAGE_STANDARD = gnu99;
				GCC_DYNAMIC_NO_PIC = NO;
				GCC_NO_COMMON_BLOCKS = YES;
				GCC_OPTIMIZATION_LEVEL = 0;
				GCC_PREPROCESSOR_DEFINITIONS = (
					"DEBUG=1",
					"$(inherited)",
				);
				GCC_SYMBOLS_PRIVATE_EXTERN = NO;
				GCC_WARN_64_TO_32_BIT_CONVERSION = YES;
				GCC_WARN_ABOUT_RETURN_TYPE = YES_ERROR;
				GCC_WARN_UNDECLARED_SELECTOR = YES;
				GCC_WARN_UNINITIALIZED_AUTOS = YES_AGGRESSIVE;
				GCC_WARN_UNUSED_FUNCTION = YES;
				GCC_WARN_UNUSED_VARIABLE = YES;
				MACOSX_DEPLOYMENT_TARGET = 10.10;
				MTL_ENABLE_DEBUG_INFO = YES;
				ONLY_ACTIVE_ARCH = YES;
				SDKROOT = macosx;
			};
			name = Debug;
		};
		360A619B1B67B5C300AB3CC8 /* Release */ = {
			isa = XCBuildConfiguration;
			buildSettings = {
				ALWAYS_SEARCH_USER_PATHS = NO;
				CLANG_CXX_LANGUAGE_STANDARD = "gnu++0x";
				CLANG_CXX_LIBRARY = "libc++";
				CLANG_ENABLE_MODULES = YES;
				CLANG_ENABLE_OBJC_ARC = YES;
				CLANG_WARN_BOOL_CONVERSION = YES;
				CLANG_WARN_CONSTANT_CONVERSION = YES;
				CLANG_WARN_DIRECT_OBJC_ISA_USAGE = YES_ERROR;
				CLANG_WARN_EMPTY_BODY = YES;
				CLANG_WARN_ENUM_CONVERSION = YES;
				CLANG_WARN_INT_CONVERSION = YES;
				CLANG_WARN_OBJC_ROOT_CLASS = YES_ERROR;
				CLANG_WARN_UNREACHABLE_CODE = YES;
				CLANG_WARN__DUPLICATE_METHOD_MATCH = YES;
				CODE_SIGN_IDENTITY = "-";
				COPY_PHASE_STRIP = NO;
				DEBUG_INFORMATION_FORMAT = "dwarf-with-dsym";
				ENABLE_NS_ASSERTIONS = NO;
				ENABLE_STRICT_OBJC_MSGSEND = YES;
				GCC_C_LANGUAGE_STANDARD = gnu99;
				GCC_NO_COMMON_BLOCKS = YES;
				GCC_WARN_64_TO_32_BIT_CONVERSION = YES;
				GCC_WARN_ABOUT_RETURN_TYPE = YES_ERROR;
				GCC_WARN_UNDECLARED_SELECTOR = YES;
				GCC_WARN_UNINITIALIZED_AUTOS = YES_AGGRESSIVE;
				GCC_WARN_UNUSED_FUNCTION = YES;
				GCC_WARN_UNUSED_VARIABLE = YES;
				MACOSX_DEPLOYMENT_TARGET = 10.10;
				MTL_ENABLE_DEBUG_INFO = NO;
				SDKROOT = macosx;
			};
			name = Release;
		};
		360A619D1B67B5C300AB3CC8 /* Debug */ = {
			isa = XCBuildConfiguration;
			buildSettings = {
				ASSETCATALOG_COMPILER_APPICON_NAME = AppIcon;
				COMBINE_HIDPI_IMAGES = YES;
				INFOPLIST_FILE = ch11/Info.plist;
				LD_RUNPATH_SEARCH_PATHS = "$(inherited) @executable_path/../Frameworks";
				PRODUCT_NAME = "$(TARGET_NAME)";
			};
			name = Debug;
		};
		360A619E1B67B5C300AB3CC8 /* Release */ = {
			isa = XCBuildConfiguration;
			buildSettings = {
				ASSETCATALOG_COMPILER_APPICON_NAME = AppIcon;
				COMBINE_HIDPI_IMAGES = YES;
				INFOPLIST_FILE = ch11/Info.plist;
				LD_RUNPATH_SEARCH_PATHS = "$(inherited) @executable_path/../Frameworks";
				PRODUCT_NAME = "$(TARGET_NAME)";
			};
			name = Release;
		};
		360A61A01B67B5C300AB3CC8 /* Debug */ = {
			isa = XCBuildConfiguration;
			buildSettings = {
				BUNDLE_LOADER = "$(TEST_HOST)";
				COMBINE_HIDPI_IMAGES = YES;
				FRAMEWORK_SEARCH_PATHS = (
					"$(DEVELOPER_FRAMEWORKS_DIR)",
					"$(inherited)",
				);
				GCC_PREPROCESSOR_DEFINITIONS = (
					"DEBUG=1",
					"$(inherited)",
				);
				INFOPLIST_FILE = ch11Tests/Info.plist;
				LD_RUNPATH_SEARCH_PATHS = "$(inherited) @executable_path/../Frameworks @loader_path/../Frameworks";
				PRODUCT_NAME = "$(TARGET_NAME)";
				TEST_HOST = "$(BUILT_PRODUCTS_DIR)/ch11.app/Contents/MacOS/ch11";
			};
			name = Debug;
		};
		360A61A11B67B5C300AB3CC8 /* Release */ = {
			isa = XCBuildConfiguration;
			buildSettings = {
				BUNDLE_LOADER = "$(TEST_HOST)";
				COMBINE_HIDPI_IMAGES = YES;
				FRAMEWORK_SEARCH_PATHS = (
					"$(DEVELOPER_FRAMEWORKS_DIR)",
					"$(inherited)",
				);
				INFOPLIST_FILE = ch11Tests/Info.plist;
				LD_RUNPATH_SEARCH_PATHS = "$(inherited) @executable_path/../Frameworks @loader_path/../Frameworks";
				PRODUCT_NAME = "$(TARGET_NAME)";
				TEST_HOST = "$(BUILT_PRODUCTS_DIR)/ch11.app/Contents/MacOS/ch11";
			};
			name = Release;
		};
/* End XCBuildConfiguration section */

/* Begin XCConfigurationList section */
		360A61711B67B5C300AB3CC8 /* Build configuration list for PBXProject "ch11" */ = {
			isa = XCConfigurationList;
			buildConfigurations = (
				360A619A1B67B5C300AB3CC8 /* Debug */,
				360A619B1B67B5C300AB3CC8 /* Release */,
			);
			defaultConfigurationIsVisible = 0;
			defaultConfigurationName = Release;
		};
		360A619C1B67B5C300AB3CC8 /* Build configuration list for PBXNativeTarget "ch11" */ = {
			isa = XCConfigurationList;
			buildConfigurations = (
				360A619D1B67B5C300AB3CC8 /* Debug */,
				360A619E1B67B5C300AB3CC8 /* Release */,
			);
			defaultConfigurationIsVisible = 0;
			defaultConfigurationName = Release;
		};
		360A619F1B67B5C300AB3CC8 /* Build configuration list for PBXNativeTarget "ch11Tests" */ = {
			isa = XCConfigurationList;
			buildConfigurations = (
				360A61A01B67B5C300AB3CC8 /* Debug */,
				360A61A11B67B5C300AB3CC8 /* Release */,
			);
			defaultConfigurationIsVisible = 0;
			defaultConfigurationName = Release;
		};
/* End XCConfigurationList section */

/* Begin XCVersionGroup section */
		360A61861B67B5C300AB3CC8 /* Document.xcdatamodeld */ = {
			isa = XCVersionGroup;
			children = (
				360A61871B67B5C300AB3CC8 /* Document.xcdatamodel */,
			);
			currentVersion = 360A61871B67B5C300AB3CC8 /* Document.xcdatamodel */;
			path = Document.xcdatamodeld;
			sourceTree = "<group>";
			versionGroupType = wrapper.xcdatamodel;
		};
/* End XCVersionGroup section */
	};
	rootObject = 360A616E1B67B5C300AB3CC8 /* Project object */;
}
